
Microsoft Visual Studio Solution File, Format Version 12.00
# Visual Studio 2013
VisualStudioVersion = 12.0.31101.0
MinimumVisualStudioVersion = 10.0.40219.1
Project("{8BC9CEB8-8B4A-11D0-8D11-00A0C91BC942}") = "tutorial_01", "tutorial_01\tutorial_01.vcxproj", "{9913D4BC-B0FA-4CC1-818C-E175EDB30FE7}"
EndProject
Project("{8BC9CEB8-8B4A-11D0-8D11-00A0C91BC942}") = "lab_01", "lab_01\lab_01.vcxproj", "{AAEACDE6-D5C7-423A-96D5-146F5A74819D}"
EndProject
Project("{8BC9CEB8-8B4A-11D0-8D11-00A0C91BC942}") = "lab_02", "lab_02\lab_02.vcxproj", "{7414FF31-D7DD-47D3-B384-8293957B89CA}"
EndProject
Project("{8BC9CEB8-8B4A-11D0-8D11-00A0C91BC942}") = "tutorial_02", "tutorial_02\tutorial_02.vcxproj", "{78FF7EFA-8E1F-4E6A-B6B6-A1FEA1F2F34C}"
EndProject
Project("{8BC9CEB8-8B4A-11D0-8D11-00A0C91BC942}") = "lab_01_1", "lab_01_1\lab_01_1.vcxproj", "{0FAA4E0F-B787-4F2C-87FF-27FF9FC6E10A}"
EndProject
Project("{8BC9CEB8-8B4A-11D0-8D11-00A0C91BC942}") = "tutorial_02_1", "tutorial_02_1\tutorial_02_1.vcxproj", "{0C53EF14-DB85-44DA-A97D-3E9940582E65}"
EndProject
Project("{8BC9CEB8-8B4A-11D0-8D11-00A0C91BC942}") = "tutorial_03", "tutorial_03\tutorial_03.vcxproj", "{EFF911E9-ED7A-49E8-A59B-8FD28016555C}"
EndProject
Project("{8BC9CEB8-8B4A-11D0-8D11-00A0C91BC942}") = "tutorial_03_1", "tutorial_03_1\tutorial_03_1.vcxproj", "{0D5E1448-6E5E-421C-BE0B-E83B5F1C59AD}"
EndProject
Project("{8BC9CEB8-8B4A-11D0-8D11-00A0C91BC942}") = "tutorial_04", "tutorial_04\tutorial_04.vcxproj", "{CBD244FD-2F76-43C6-83CA-371FA278C65C}"
EndProject
Project("{8BC9CEB8-8B4A-11D0-8D11-00A0C91BC942}") = "lab_03", "lab_03\lab_03.vcxproj", "{47C1884F-FBC9-4A9C-96EC-71DE9F2CC3BD}"
EndProject
Global
	GlobalSection(SolutionConfigurationPlatforms) = preSolution
		Debug|Win32 = Debug|Win32
		Release|Win32 = Release|Win32
	EndGlobalSection
	GlobalSection(ProjectConfigurationPlatforms) = postSolution
		{9913D4BC-B0FA-4CC1-818C-E175EDB30FE7}.Debug|Win32.ActiveCfg = Debug|Win32
		{9913D4BC-B0FA-4CC1-818C-E175EDB30FE7}.Debug|Win32.Build.0 = Debug|Win32
		{9913D4BC-B0FA-4CC1-818C-E175EDB30FE7}.Release|Win32.ActiveCfg = Release|Win32
		{9913D4BC-B0FA-4CC1-818C-E175EDB30FE7}.Release|Win32.Build.0 = Release|Win32
		{AAEACDE6-D5C7-423A-96D5-146F5A74819D}.Debug|Win32.ActiveCfg = Debug|Win32
		{AAEACDE6-D5C7-423A-96D5-146F5A74819D}.Debug|Win32.Build.0 = Debug|Win32
		{AAEACDE6-D5C7-423A-96D5-146F5A74819D}.Release|Win32.ActiveCfg = Release|Win32
		{AAEACDE6-D5C7-423A-96D5-146F5A74819D}.Release|Win32.Build.0 = Release|Win32
		{7414FF31-D7DD-47D3-B384-8293957B89CA}.Debug|Win32.ActiveCfg = Debug|Win32
		{7414FF31-D7DD-47D3-B384-8293957B89CA}.Debug|Win32.Build.0 = Debug|Win32
		{7414FF31-D7DD-47D3-B384-8293957B89CA}.Release|Win32.ActiveCfg = Debug|Win32
		{7414FF31-D7DD-47D3-B384-8293957B89CA}.Release|Win32.Build.0 = Debug|Win32
		{78FF7EFA-8E1F-4E6A-B6B6-A1FEA1F2F34C}.Debug|Win32.ActiveCfg = Debug|Win32
		{78FF7EFA-8E1F-4E6A-B6B6-A1FEA1F2F34C}.Debug|Win32.Build.0 = Debug|Win32
		{78FF7EFA-8E1F-4E6A-B6B6-A1FEA1F2F34C}.Release|Win32.ActiveCfg = Release|Win32
		{78FF7EFA-8E1F-4E6A-B6B6-A1FEA1F2F34C}.Release|Win32.Build.0 = Release|Win32
		{0FAA4E0F-B787-4F2C-87FF-27FF9FC6E10A}.Debug|Win32.ActiveCfg = Debug|Win32
		{0FAA4E0F-B787-4F2C-87FF-27FF9FC6E10A}.Debug|Win32.Build.0 = Debug|Win32
		{0FAA4E0F-B787-4F2C-87FF-27FF9FC6E10A}.Release|Win32.ActiveCfg = Release|Win32
		{0FAA4E0F-B787-4F2C-87FF-27FF9FC6E10A}.Release|Win32.Build.0 = Release|Win32
		{0C53EF14-DB85-44DA-A97D-3E9940582E65}.Debug|Win32.ActiveCfg = Debug|Win32
		{0C53EF14-DB85-44DA-A97D-3E9940582E65}.Debug|Win32.Build.0 = Debug|Win32
		{0C53EF14-DB85-44DA-A97D-3E9940582E65}.Release|Win32.ActiveCfg = Release|Win32
		{0C53EF14-DB85-44DA-A97D-3E9940582E65}.Release|Win32.Build.0 = Release|Win32
		{EFF911E9-ED7A-49E8-A59B-8FD28016555C}.Debug|Win32.ActiveCfg = Debug|Win32
		{EFF911E9-ED7A-49E8-A59B-8FD28016555C}.Debug|Win32.Build.0 = Debug|Win32
		{EFF911E9-ED7A-49E8-A59B-8FD28016555C}.Release|Win32.ActiveCfg = Release|Win32
		{EFF911E9-ED7A-49E8-A59B-8FD28016555C}.Release|Win32.Build.0 = Release|Win32
		{0D5E1448-6E5E-421C-BE0B-E83B5F1C59AD}.Debug|Win32.ActiveCfg = Debug|Win32
		{0D5E1448-6E5E-421C-BE0B-E83B5F1C59AD}.Debug|Win32.Build.0 = Debug|Win32
		{0D5E1448-6E5E-421C-BE0B-E83B5F1C59AD}.Release|Win32.ActiveCfg = Release|Win32
		{0D5E1448-6E5E-421C-BE0B-E83B5F1C59AD}.Release|Win32.Build.0 = Release|Win32
		{CBD244FD-2F76-43C6-83CA-371FA278C65C}.Debug|Win32.ActiveCfg = Debug|Win32
		{CBD244FD-2F76-43C6-83CA-371FA278C65C}.Debug|Win32.Build.0 = Debug|Win32
		{CBD244FD-2F76-43C6-83CA-371FA278C65C}.Release|Win32.ActiveCfg = Release|Win32
		{CBD244FD-2F76-43C6-83CA-371FA278C65C}.Release|Win32.Build.0 = Release|Win32
		{47C1884F-FBC9-4A9C-96EC-71DE9F2CC3BD}.Debug|Win32.ActiveCfg = Debug|Win32
		{47C1884F-FBC9-4A9C-96EC-71DE9F2CC3BD}.Debug|Win32.Build.0 = Debug|Win32
		{47C1884F-FBC9-4A9C-96EC-71DE9F2CC3BD}.Release|Win32.ActiveCfg = Debug|Win32
		{47C1884F-FBC9-4A9C-96EC-71DE9F2CC3BD}.Release|Win32.Build.0 = Debug|Win32
	EndGlobalSection
	GlobalSection(SolutionProperties) = preSolution
		HideSolutionNode = FALSE
	EndGlobalSection
EndGlobal
