Microsoft Visual Studio Solution File, Format Version 12.00
# Visual Studio 2013
Project("{2150E333-8FDC-42A3-9474-1A3956D46DE8}") = "CMakePredefinedTargets", "CMakePredefinedTargets", "{AE9C22E1-A217-3B61-928F-B9A2FBF9C92D}"
EndProject
Project("{2150E333-8FDC-42A3-9474-1A3956D46DE8}") = "GLFW3", "GLFW3", "{DC7583EC-6AEE-39E4-9324-AEC19109C511}"
EndProject
Project("{2150E333-8FDC-42A3-9474-1A3956D46DE8}") = "Examples", "GLFW3\Examples", "{DF1466A7-3A7F-3942-91BF-6F4C2AADE49C}"
EndProject
Project("{2150E333-8FDC-42A3-9474-1A3956D46DE8}") = "Tests", "GLFW3\Tests", "{266545F0-E804-31AF-99AF-77433FF4BB70}"
EndProject
Project("{8BC9CEB8-8B4A-11D0-8D11-00A0C91BC942}") = "ALL_BUILD", "ALL_BUILD.vcxproj", "{1A89BD72-B1D1-31A2-900E-F9ADA3F60E92}"
	ProjectSection(ProjectDependencies) = postProject
		{6B5192F9-9BB2-3F0A-A6B7-0FB7BFE722BD} = {6B5192F9-9BB2-3F0A-A6B7-0FB7BFE722BD}
		{9E65908D-7F41-36F5-B24A-146CD1D096E1} = {9E65908D-7F41-36F5-B24A-146CD1D096E1}
		{3002AF3A-058B-34B5-B670-5110A0DC6388} = {3002AF3A-058B-34B5-B670-5110A0DC6388}
		{BA59735D-A400-369E-965D-E751F5C06741} = {BA59735D-A400-369E-965D-E751F5C06741}
		{9EA8F871-E65E-340E-A5B9-C888C025B9E8} = {9EA8F871-E65E-340E-A5B9-C888C025B9E8}
		{45237B44-F8C1-392D-814E-9B0663C00E2A} = {45237B44-F8C1-392D-814E-9B0663C00E2A}
		{D4E5C877-5B7F-3FB2-9F91-8D614A96610A} = {D4E5C877-5B7F-3FB2-9F91-8D614A96610A}
		{66929710-F886-3DC1-8B0F-7FC943FB67F0} = {66929710-F886-3DC1-8B0F-7FC943FB67F0}
		{F576C287-9155-30E9-9EFD-09354CFD1A13} = {F576C287-9155-30E9-9EFD-09354CFD1A13}
		{B00642E4-DD36-3A72-9AFF-E24A15062621} = {B00642E4-DD36-3A72-9AFF-E24A15062621}
		{88B3A54D-F336-3884-B74A-F2D323FD8B65} = {88B3A54D-F336-3884-B74A-F2D323FD8B65}
		{2AD44828-F0C1-3E51-B250-DBDA08B144C1} = {2AD44828-F0C1-3E51-B250-DBDA08B144C1}
		{C43E1ABD-6887-32D9-9A5A-701BC1FAABD7} = {C43E1ABD-6887-32D9-9A5A-701BC1FAABD7}
		{1DD49C2F-2D88-31D9-A1A1-8C1FD592FA4C} = {1DD49C2F-2D88-31D9-A1A1-8C1FD592FA4C}
		{8A679D2F-50EE-3428-AEE0-A4498E4A56AD} = {8A679D2F-50EE-3428-AEE0-A4498E4A56AD}
		{95762FA3-1587-3262-91CB-28E9D013405D} = {95762FA3-1587-3262-91CB-28E9D013405D}
		{D6E8AB10-441D-3FDF-86C1-9B5BF9DC8422} = {D6E8AB10-441D-3FDF-86C1-9B5BF9DC8422}
		{1CCC6795-0102-34F1-9412-0CFA02B1C08E} = {1CCC6795-0102-34F1-9412-0CFA02B1C08E}
		{E56DC4D2-D863-3545-AC8A-DFA515E70935} = {E56DC4D2-D863-3545-AC8A-DFA515E70935}
		{82C4A1B6-7A26-3C61-B189-AEAFC484DA31} = {82C4A1B6-7A26-3C61-B189-AEAFC484DA31}
		{64123D84-9A40-3C18-A891-5C70EF87E06E} = {64123D84-9A40-3C18-A891-5C70EF87E06E}
		{CD89032B-5AA4-32EE-A5F3-BA5CD65180FA} = {CD89032B-5AA4-32EE-A5F3-BA5CD65180FA}
		{7E876F0F-2561-3854-9315-D54EE72E6D54} = {7E876F0F-2561-3854-9315-D54EE72E6D54}
		{671E93BA-4848-3E3F-815A-400195622FF8} = {671E93BA-4848-3E3F-815A-400195622FF8}
		{E95E3E05-7158-3C3D-AE76-F7B9CB83EBA0} = {E95E3E05-7158-3C3D-AE76-F7B9CB83EBA0}
		{75CB479C-BE62-3128-B24F-CAB428BA0BE8} = {75CB479C-BE62-3128-B24F-CAB428BA0BE8}
		{E6432EEB-2B04-377F-9BA1-B929AB1EF84D} = {E6432EEB-2B04-377F-9BA1-B929AB1EF84D}
		{73A561A0-51F2-3C2C-ABD7-C9301A92C195} = {73A561A0-51F2-3C2C-ABD7-C9301A92C195}
		{747163B7-C836-333E-AE45-FB4834139E1D} = {747163B7-C836-333E-AE45-FB4834139E1D}
		{478B7518-1D69-39B2-B11C-28986D879420} = {478B7518-1D69-39B2-B11C-28986D879420}
		{41729DB1-A114-39D3-BA42-21904490A0F9} = {41729DB1-A114-39D3-BA42-21904490A0F9}
		{DD36B609-51B4-386F-ACD0-23BC8DC4A740} = {DD36B609-51B4-386F-ACD0-23BC8DC4A740}
		{64025011-3028-31A7-B121-D0DE1A51A7AD} = {64025011-3028-31A7-B121-D0DE1A51A7AD}
		{8AA5133E-A972-3CDA-A42A-A8053C46A933} = {8AA5133E-A972-3CDA-A42A-A8053C46A933}
		{BAE7131E-D2C2-3EEF-8608-CE89121A219C} = {BAE7131E-D2C2-3EEF-8608-CE89121A219C}
		{055D8128-0FAA-303F-A449-0A87AE6C7340} = {055D8128-0FAA-303F-A449-0A87AE6C7340}
		{B572A34E-2B4D-3F86-8532-B82E35FCCC9C} = {B572A34E-2B4D-3F86-8532-B82E35FCCC9C}
		{1818AD35-7112-3DBD-8F78-1CEF734A067A} = {1818AD35-7112-3DBD-8F78-1CEF734A067A}
		{97DF7DBD-07C3-3431-B3B1-A32FD07D20C7} = {97DF7DBD-07C3-3431-B3B1-A32FD07D20C7}
		{00A29722-7AF9-3E4C-95C6-D4F9956C5358} = {00A29722-7AF9-3E4C-95C6-D4F9956C5358}
		{A74E8222-69F3-3D32-81ED-B2E34CFAF15E} = {A74E8222-69F3-3D32-81ED-B2E34CFAF15E}
		{06239DCD-E8D3-3A56-8397-6D224B7370A2} = {06239DCD-E8D3-3A56-8397-6D224B7370A2}
		{E3833996-66A5-3018-AC90-F3BF99050A34} = {E3833996-66A5-3018-AC90-F3BF99050A34}
		{D09A15C3-3682-357A-B70B-438D07616B34} = {D09A15C3-3682-357A-B70B-438D07616B34}
		{326F5BE0-29FB-3CB3-B71F-8B1643E32495} = {326F5BE0-29FB-3CB3-B71F-8B1643E32495}
		{6947E90B-32E4-3C09-BCED-90F385922E0E} = {6947E90B-32E4-3C09-BCED-90F385922E0E}
		{852C20D2-BDA4-32DA-ABDD-F008428CF616} = {852C20D2-BDA4-32DA-ABDD-F008428CF616}
		{81AA57B7-E4FB-365A-84AF-6CF9DC4A177E} = {81AA57B7-E4FB-365A-84AF-6CF9DC4A177E}
		{8EB4EAA0-3812-3AEE-80C8-697BC3773632} = {8EB4EAA0-3812-3AEE-80C8-697BC3773632}
		{173B9AA3-1747-3222-B960-72B017CED926} = {173B9AA3-1747-3222-B960-72B017CED926}
		{4670C0C1-8510-37E1-AF26-44E9FB23B07C} = {4670C0C1-8510-37E1-AF26-44E9FB23B07C}
		{D8F4DC28-EB77-3CC5-9776-7C8B9F762A3C} = {D8F4DC28-EB77-3CC5-9776-7C8B9F762A3C}
		{F82C7A82-E8D6-3008-A9E5-073395B448E5} = {F82C7A82-E8D6-3008-A9E5-073395B448E5}
		{2BCC26BB-A0C5-358A-8348-CFE3EDED4DB1} = {2BCC26BB-A0C5-358A-8348-CFE3EDED4DB1}
		{712264EC-70FB-3B06-AC24-91E2412D416B} = {712264EC-70FB-3B06-AC24-91E2412D416B}
		{594EE0B1-99B4-3F1E-A083-A675169FF030} = {594EE0B1-99B4-3F1E-A083-A675169FF030}
		{7E820E0F-08D9-343C-9242-6276AB11B1C7} = {7E820E0F-08D9-343C-9242-6276AB11B1C7}
		{5D30DF4C-6E23-3AC4-9AC7-C32153CEE261} = {5D30DF4C-6E23-3AC4-9AC7-C32153CEE261}
		{8AFEA2BD-D9EC-34FE-ADA3-B0177FB929F9} = {8AFEA2BD-D9EC-34FE-ADA3-B0177FB929F9}
	EndProjectSection
EndProject
Project("{8BC9CEB8-8B4A-11D0-8D11-00A0C91BC942}") = "ANTTWEAKBAR_116_OGLCORE_GLFW", "external\ANTTWEAKBAR_116_OGLCORE_GLFW.vcxproj", "{6B5192F9-9BB2-3F0A-A6B7-0FB7BFE722BD}"
	ProjectSection(ProjectDependencies) = postProject
		{D4E5C877-5B7F-3FB2-9F91-8D614A96610A} = {D4E5C877-5B7F-3FB2-9F91-8D614A96610A}
	EndProjectSection
EndProject
Project("{8BC9CEB8-8B4A-11D0-8D11-00A0C91BC942}") = "BulletCollision", "external\bullet-2.81-rev2613\src\BulletCollision\BulletCollision.vcxproj", "{9E65908D-7F41-36F5-B24A-146CD1D096E1}"
	ProjectSection(ProjectDependencies) = postProject
		{D4E5C877-5B7F-3FB2-9F91-8D614A96610A} = {D4E5C877-5B7F-3FB2-9F91-8D614A96610A}
	EndProjectSection
EndProject
Project("{8BC9CEB8-8B4A-11D0-8D11-00A0C91BC942}") = "BulletDynamics", "external\bullet-2.81-rev2613\src\BulletDynamics\BulletDynamics.vcxproj", "{3002AF3A-058B-34B5-B670-5110A0DC6388}"
	ProjectSection(ProjectDependencies) = postProject
		{D4E5C877-5B7F-3FB2-9F91-8D614A96610A} = {D4E5C877-5B7F-3FB2-9F91-8D614A96610A}
	EndProjectSection
EndProject
Project("{8BC9CEB8-8B4A-11D0-8D11-00A0C91BC942}") = "BulletSoftBody", "external\bullet-2.81-rev2613\src\BulletSoftBody\BulletSoftBody.vcxproj", "{BA59735D-A400-369E-965D-E751F5C06741}"
	ProjectSection(ProjectDependencies) = postProject
		{D4E5C877-5B7F-3FB2-9F91-8D614A96610A} = {D4E5C877-5B7F-3FB2-9F91-8D614A96610A}
	EndProjectSection
EndProject
Project("{8BC9CEB8-8B4A-11D0-8D11-00A0C91BC942}") = "GLEW_1130", "external\GLEW_1130.vcxproj", "{9EA8F871-E65E-340E-A5B9-C888C025B9E8}"
	ProjectSection(ProjectDependencies) = postProject
		{D4E5C877-5B7F-3FB2-9F91-8D614A96610A} = {D4E5C877-5B7F-3FB2-9F91-8D614A96610A}
	EndProjectSection
EndProject
Project("{8BC9CEB8-8B4A-11D0-8D11-00A0C91BC942}") = "INSTALL", "INSTALL.vcxproj", "{C2BAAA99-C7AF-3611-9D17-4A1442ECF98C}"
	ProjectSection(ProjectDependencies) = postProject
		{1A89BD72-B1D1-31A2-900E-F9ADA3F60E92} = {1A89BD72-B1D1-31A2-900E-F9ADA3F60E92}
		{D4E5C877-5B7F-3FB2-9F91-8D614A96610A} = {D4E5C877-5B7F-3FB2-9F91-8D614A96610A}
	EndProjectSection
EndProject
Project("{8BC9CEB8-8B4A-11D0-8D11-00A0C91BC942}") = "LinearMath", "external\bullet-2.81-rev2613\src\LinearMath\LinearMath.vcxproj", "{45237B44-F8C1-392D-814E-9B0663C00E2A}"
	ProjectSection(ProjectDependencies) = postProject
		{D4E5C877-5B7F-3FB2-9F91-8D614A96610A} = {D4E5C877-5B7F-3FB2-9F91-8D614A96610A}
	EndProjectSection
EndProject
Project("{8BC9CEB8-8B4A-11D0-8D11-00A0C91BC942}") = "ZERO_CHECK", "ZERO_CHECK.vcxproj", "{D4E5C877-5B7F-3FB2-9F91-8D614A96610A}"
	ProjectSection(ProjectDependencies) = postProject
	EndProjectSection
EndProject
Project("{8BC9CEB8-8B4A-11D0-8D11-00A0C91BC942}") = "assimp", "external\assimp-3.0.1270\code\assimp.vcxproj", "{66929710-F886-3DC1-8B0F-7FC943FB67F0}"
	ProjectSection(ProjectDependencies) = postProject
		{D4E5C877-5B7F-3FB2-9F91-8D614A96610A} = {D4E5C877-5B7F-3FB2-9F91-8D614A96610A}
		{8AFEA2BD-D9EC-34FE-ADA3-B0177FB929F9} = {8AFEA2BD-D9EC-34FE-ADA3-B0177FB929F9}
	EndProjectSection
EndProject
Project("{8BC9CEB8-8B4A-11D0-8D11-00A0C91BC942}") = "boing", "external\glfw-3.1.2\examples\boing.vcxproj", "{F576C287-9155-30E9-9EFD-09354CFD1A13}"
	ProjectSection(ProjectDependencies) = postProject
		{D4E5C877-5B7F-3FB2-9F91-8D614A96610A} = {D4E5C877-5B7F-3FB2-9F91-8D614A96610A}
		{95762FA3-1587-3262-91CB-28E9D013405D} = {95762FA3-1587-3262-91CB-28E9D013405D}
	EndProjectSection
EndProject
Project("{8BC9CEB8-8B4A-11D0-8D11-00A0C91BC942}") = "clipboard", "external\glfw-3.1.2\tests\clipboard.vcxproj", "{B00642E4-DD36-3A72-9AFF-E24A15062621}"
	ProjectSection(ProjectDependencies) = postProject
		{D4E5C877-5B7F-3FB2-9F91-8D614A96610A} = {D4E5C877-5B7F-3FB2-9F91-8D614A96610A}
		{95762FA3-1587-3262-91CB-28E9D013405D} = {95762FA3-1587-3262-91CB-28E9D013405D}
	EndProjectSection
EndProject
Project("{8BC9CEB8-8B4A-11D0-8D11-00A0C91BC942}") = "cursor", "external\glfw-3.1.2\tests\cursor.vcxproj", "{88B3A54D-F336-3884-B74A-F2D323FD8B65}"
	ProjectSection(ProjectDependencies) = postProject
		{D4E5C877-5B7F-3FB2-9F91-8D614A96610A} = {D4E5C877-5B7F-3FB2-9F91-8D614A96610A}
		{95762FA3-1587-3262-91CB-28E9D013405D} = {95762FA3-1587-3262-91CB-28E9D013405D}
	EndProjectSection
EndProject
Project("{8BC9CEB8-8B4A-11D0-8D11-00A0C91BC942}") = "empty", "external\glfw-3.1.2\tests\empty.vcxproj", "{2AD44828-F0C1-3E51-B250-DBDA08B144C1}"
	ProjectSection(ProjectDependencies) = postProject
		{D4E5C877-5B7F-3FB2-9F91-8D614A96610A} = {D4E5C877-5B7F-3FB2-9F91-8D614A96610A}
		{95762FA3-1587-3262-91CB-28E9D013405D} = {95762FA3-1587-3262-91CB-28E9D013405D}
	EndProjectSection
EndProject
Project("{8BC9CEB8-8B4A-11D0-8D11-00A0C91BC942}") = "events", "external\glfw-3.1.2\tests\events.vcxproj", "{C43E1ABD-6887-32D9-9A5A-701BC1FAABD7}"
	ProjectSection(ProjectDependencies) = postProject
		{D4E5C877-5B7F-3FB2-9F91-8D614A96610A} = {D4E5C877-5B7F-3FB2-9F91-8D614A96610A}
		{95762FA3-1587-3262-91CB-28E9D013405D} = {95762FA3-1587-3262-91CB-28E9D013405D}
	EndProjectSection
EndProject
Project("{8BC9CEB8-8B4A-11D0-8D11-00A0C91BC942}") = "gamma", "external\glfw-3.1.2\tests\gamma.vcxproj", "{1DD49C2F-2D88-31D9-A1A1-8C1FD592FA4C}"
	ProjectSection(ProjectDependencies) = postProject
		{D4E5C877-5B7F-3FB2-9F91-8D614A96610A} = {D4E5C877-5B7F-3FB2-9F91-8D614A96610A}
		{95762FA3-1587-3262-91CB-28E9D013405D} = {95762FA3-1587-3262-91CB-28E9D013405D}
	EndProjectSection
EndProject
Project("{8BC9CEB8-8B4A-11D0-8D11-00A0C91BC942}") = "gears", "external\glfw-3.1.2\examples\gears.vcxproj", "{8A679D2F-50EE-3428-AEE0-A4498E4A56AD}"
	ProjectSection(ProjectDependencies) = postProject
		{D4E5C877-5B7F-3FB2-9F91-8D614A96610A} = {D4E5C877-5B7F-3FB2-9F91-8D614A96610A}
		{95762FA3-1587-3262-91CB-28E9D013405D} = {95762FA3-1587-3262-91CB-28E9D013405D}
	EndProjectSection
EndProject
Project("{8BC9CEB8-8B4A-11D0-8D11-00A0C91BC942}") = "glfw", "external\glfw-3.1.2\src\glfw.vcxproj", "{95762FA3-1587-3262-91CB-28E9D013405D}"
	ProjectSection(ProjectDependencies) = postProject
		{D4E5C877-5B7F-3FB2-9F91-8D614A96610A} = {D4E5C877-5B7F-3FB2-9F91-8D614A96610A}
	EndProjectSection
EndProject
Project("{8BC9CEB8-8B4A-11D0-8D11-00A0C91BC942}") = "glfwinfo", "external\glfw-3.1.2\tests\glfwinfo.vcxproj", "{D6E8AB10-441D-3FDF-86C1-9B5BF9DC8422}"
	ProjectSection(ProjectDependencies) = postProject
		{D4E5C877-5B7F-3FB2-9F91-8D614A96610A} = {D4E5C877-5B7F-3FB2-9F91-8D614A96610A}
		{95762FA3-1587-3262-91CB-28E9D013405D} = {95762FA3-1587-3262-91CB-28E9D013405D}
	EndProjectSection
EndProject
Project("{8BC9CEB8-8B4A-11D0-8D11-00A0C91BC942}") = "heightmap", "external\glfw-3.1.2\examples\heightmap.vcxproj", "{1CCC6795-0102-34F1-9412-0CFA02B1C08E}"
	ProjectSection(ProjectDependencies) = postProject
		{D4E5C877-5B7F-3FB2-9F91-8D614A96610A} = {D4E5C877-5B7F-3FB2-9F91-8D614A96610A}
		{95762FA3-1587-3262-91CB-28E9D013405D} = {95762FA3-1587-3262-91CB-28E9D013405D}
	EndProjectSection
EndProject
Project("{8BC9CEB8-8B4A-11D0-8D11-00A0C91BC942}") = "iconify", "external\glfw-3.1.2\tests\iconify.vcxproj", "{E56DC4D2-D863-3545-AC8A-DFA515E70935}"
	ProjectSection(ProjectDependencies) = postProject
		{D4E5C877-5B7F-3FB2-9F91-8D614A96610A} = {D4E5C877-5B7F-3FB2-9F91-8D614A96610A}
		{95762FA3-1587-3262-91CB-28E9D013405D} = {95762FA3-1587-3262-91CB-28E9D013405D}
	EndProjectSection
EndProject
Project("{8BC9CEB8-8B4A-11D0-8D11-00A0C91BC942}") = "joysticks", "external\glfw-3.1.2\tests\joysticks.vcxproj", "{82C4A1B6-7A26-3C61-B189-AEAFC484DA31}"
	ProjectSection(ProjectDependencies) = postProject
		{D4E5C877-5B7F-3FB2-9F91-8D614A96610A} = {D4E5C877-5B7F-3FB2-9F91-8D614A96610A}
		{95762FA3-1587-3262-91CB-28E9D013405D} = {95762FA3-1587-3262-91CB-28E9D013405D}
	EndProjectSection
EndProject
Project("{8BC9CEB8-8B4A-11D0-8D11-00A0C91BC942}") = "misc05_picking_BulletPhysics", "misc05_picking_BulletPhysics.vcxproj", "{64123D84-9A40-3C18-A891-5C70EF87E06E}"
	ProjectSection(ProjectDependencies) = postProject
		{6B5192F9-9BB2-3F0A-A6B7-0FB7BFE722BD} = {6B5192F9-9BB2-3F0A-A6B7-0FB7BFE722BD}
		{9E65908D-7F41-36F5-B24A-146CD1D096E1} = {9E65908D-7F41-36F5-B24A-146CD1D096E1}
		{3002AF3A-058B-34B5-B670-5110A0DC6388} = {3002AF3A-058B-34B5-B670-5110A0DC6388}
		{9EA8F871-E65E-340E-A5B9-C888C025B9E8} = {9EA8F871-E65E-340E-A5B9-C888C025B9E8}
		{45237B44-F8C1-392D-814E-9B0663C00E2A} = {45237B44-F8C1-392D-814E-9B0663C00E2A}
		{D4E5C877-5B7F-3FB2-9F91-8D614A96610A} = {D4E5C877-5B7F-3FB2-9F91-8D614A96610A}
		{95762FA3-1587-3262-91CB-28E9D013405D} = {95762FA3-1587-3262-91CB-28E9D013405D}
	EndProjectSection
EndProject
Project("{8BC9CEB8-8B4A-11D0-8D11-00A0C91BC942}") = "misc05_picking_custom", "misc05_picking_custom.vcxproj", "{CD89032B-5AA4-32EE-A5F3-BA5CD65180FA}"
	ProjectSection(ProjectDependencies) = postProject
		{6B5192F9-9BB2-3F0A-A6B7-0FB7BFE722BD} = {6B5192F9-9BB2-3F0A-A6B7-0FB7BFE722BD}
		{9EA8F871-E65E-340E-A5B9-C888C025B9E8} = {9EA8F871-E65E-340E-A5B9-C888C025B9E8}
		{D4E5C877-5B7F-3FB2-9F91-8D614A96610A} = {D4E5C877-5B7F-3FB2-9F91-8D614A96610A}
		{95762FA3-1587-3262-91CB-28E9D013405D} = {95762FA3-1587-3262-91CB-28E9D013405D}
	EndProjectSection
EndProject
Project("{8BC9CEB8-8B4A-11D0-8D11-00A0C91BC942}") = "misc05_picking_slow_easy", "misc05_picking_slow_easy.vcxproj", "{7E876F0F-2561-3854-9315-D54EE72E6D54}"
	ProjectSection(ProjectDependencies) = postProject
		{6B5192F9-9BB2-3F0A-A6B7-0FB7BFE722BD} = {6B5192F9-9BB2-3F0A-A6B7-0FB7BFE722BD}
		{9EA8F871-E65E-340E-A5B9-C888C025B9E8} = {9EA8F871-E65E-340E-A5B9-C888C025B9E8}
		{D4E5C877-5B7F-3FB2-9F91-8D614A96610A} = {D4E5C877-5B7F-3FB2-9F91-8D614A96610A}
		{95762FA3-1587-3262-91CB-28E9D013405D} = {95762FA3-1587-3262-91CB-28E9D013405D}
	EndProjectSection
EndProject
Project("{8BC9CEB8-8B4A-11D0-8D11-00A0C91BC942}") = "monitors", "external\glfw-3.1.2\tests\monitors.vcxproj", "{671E93BA-4848-3E3F-815A-400195622FF8}"
	ProjectSection(ProjectDependencies) = postProject
		{D4E5C877-5B7F-3FB2-9F91-8D614A96610A} = {D4E5C877-5B7F-3FB2-9F91-8D614A96610A}
		{95762FA3-1587-3262-91CB-28E9D013405D} = {95762FA3-1587-3262-91CB-28E9D013405D}
	EndProjectSection
EndProject
Project("{8BC9CEB8-8B4A-11D0-8D11-00A0C91BC942}") = "msaa", "external\glfw-3.1.2\tests\msaa.vcxproj", "{E95E3E05-7158-3C3D-AE76-F7B9CB83EBA0}"
	ProjectSection(ProjectDependencies) = postProject
		{D4E5C877-5B7F-3FB2-9F91-8D614A96610A} = {D4E5C877-5B7F-3FB2-9F91-8D614A96610A}
		{95762FA3-1587-3262-91CB-28E9D013405D} = {95762FA3-1587-3262-91CB-28E9D013405D}
	EndProjectSection
EndProject
Project("{8BC9CEB8-8B4A-11D0-8D11-00A0C91BC942}") = "particles", "external\glfw-3.1.2\examples\particles.vcxproj", "{75CB479C-BE62-3128-B24F-CAB428BA0BE8}"
	ProjectSection(ProjectDependencies) = postProject
		{D4E5C877-5B7F-3FB2-9F91-8D614A96610A} = {D4E5C877-5B7F-3FB2-9F91-8D614A96610A}
		{95762FA3-1587-3262-91CB-28E9D013405D} = {95762FA3-1587-3262-91CB-28E9D013405D}
	EndProjectSection
EndProject
Project("{8BC9CEB8-8B4A-11D0-8D11-00A0C91BC942}") = "playground", "playground.vcxproj", "{E6432EEB-2B04-377F-9BA1-B929AB1EF84D}"
	ProjectSection(ProjectDependencies) = postProject
		{9EA8F871-E65E-340E-A5B9-C888C025B9E8} = {9EA8F871-E65E-340E-A5B9-C888C025B9E8}
		{D4E5C877-5B7F-3FB2-9F91-8D614A96610A} = {D4E5C877-5B7F-3FB2-9F91-8D614A96610A}
		{95762FA3-1587-3262-91CB-28E9D013405D} = {95762FA3-1587-3262-91CB-28E9D013405D}
	EndProjectSection
EndProject
Project("{8BC9CEB8-8B4A-11D0-8D11-00A0C91BC942}") = "reopen", "external\glfw-3.1.2\tests\reopen.vcxproj", "{73A561A0-51F2-3C2C-ABD7-C9301A92C195}"
	ProjectSection(ProjectDependencies) = postProject
		{D4E5C877-5B7F-3FB2-9F91-8D614A96610A} = {D4E5C877-5B7F-3FB2-9F91-8D614A96610A}
		{95762FA3-1587-3262-91CB-28E9D013405D} = {95762FA3-1587-3262-91CB-28E9D013405D}
	EndProjectSection
EndProject
Project("{8BC9CEB8-8B4A-11D0-8D11-00A0C91BC942}") = "sharing", "external\glfw-3.1.2\tests\sharing.vcxproj", "{747163B7-C836-333E-AE45-FB4834139E1D}"
	ProjectSection(ProjectDependencies) = postProject
		{D4E5C877-5B7F-3FB2-9F91-8D614A96610A} = {D4E5C877-5B7F-3FB2-9F91-8D614A96610A}
		{95762FA3-1587-3262-91CB-28E9D013405D} = {95762FA3-1587-3262-91CB-28E9D013405D}
	EndProjectSection
EndProject
Project("{8BC9CEB8-8B4A-11D0-8D11-00A0C91BC942}") = "simple", "external\glfw-3.1.2\examples\simple.vcxproj", "{478B7518-1D69-39B2-B11C-28986D879420}"
	ProjectSection(ProjectDependencies) = postProject
		{D4E5C877-5B7F-3FB2-9F91-8D614A96610A} = {D4E5C877-5B7F-3FB2-9F91-8D614A96610A}
		{95762FA3-1587-3262-91CB-28E9D013405D} = {95762FA3-1587-3262-91CB-28E9D013405D}
	EndProjectSection
EndProject
Project("{8BC9CEB8-8B4A-11D0-8D11-00A0C91BC942}") = "splitview", "external\glfw-3.1.2\examples\splitview.vcxproj", "{41729DB1-A114-39D3-BA42-21904490A0F9}"
	ProjectSection(ProjectDependencies) = postProject
		{D4E5C877-5B7F-3FB2-9F91-8D614A96610A} = {D4E5C877-5B7F-3FB2-9F91-8D614A96610A}
		{95762FA3-1587-3262-91CB-28E9D013405D} = {95762FA3-1587-3262-91CB-28E9D013405D}
	EndProjectSection
EndProject
Project("{8BC9CEB8-8B4A-11D0-8D11-00A0C91BC942}") = "tearing", "external\glfw-3.1.2\tests\tearing.vcxproj", "{DD36B609-51B4-386F-ACD0-23BC8DC4A740}"
	ProjectSection(ProjectDependencies) = postProject
		{D4E5C877-5B7F-3FB2-9F91-8D614A96610A} = {D4E5C877-5B7F-3FB2-9F91-8D614A96610A}
		{95762FA3-1587-3262-91CB-28E9D013405D} = {95762FA3-1587-3262-91CB-28E9D013405D}
	EndProjectSection
EndProject
Project("{8BC9CEB8-8B4A-11D0-8D11-00A0C91BC942}") = "threads", "external\glfw-3.1.2\tests\threads.vcxproj", "{64025011-3028-31A7-B121-D0DE1A51A7AD}"
	ProjectSection(ProjectDependencies) = postProject
		{D4E5C877-5B7F-3FB2-9F91-8D614A96610A} = {D4E5C877-5B7F-3FB2-9F91-8D614A96610A}
		{95762FA3-1587-3262-91CB-28E9D013405D} = {95762FA3-1587-3262-91CB-28E9D013405D}
	EndProjectSection
EndProject
Project("{8BC9CEB8-8B4A-11D0-8D11-00A0C91BC942}") = "title", "external\glfw-3.1.2\tests\title.vcxproj", "{8AA5133E-A972-3CDA-A42A-A8053C46A933}"
	ProjectSection(ProjectDependencies) = postProject
		{D4E5C877-5B7F-3FB2-9F91-8D614A96610A} = {D4E5C877-5B7F-3FB2-9F91-8D614A96610A}
		{95762FA3-1587-3262-91CB-28E9D013405D} = {95762FA3-1587-3262-91CB-28E9D013405D}
	EndProjectSection
EndProject
Project("{8BC9CEB8-8B4A-11D0-8D11-00A0C91BC942}") = "tutorial01_first_window", "tutorial01_first_window.vcxproj", "{BAE7131E-D2C2-3EEF-8608-CE89121A219C}"
	ProjectSection(ProjectDependencies) = postProject
		{9EA8F871-E65E-340E-A5B9-C888C025B9E8} = {9EA8F871-E65E-340E-A5B9-C888C025B9E8}
		{D4E5C877-5B7F-3FB2-9F91-8D614A96610A} = {D4E5C877-5B7F-3FB2-9F91-8D614A96610A}
		{95762FA3-1587-3262-91CB-28E9D013405D} = {95762FA3-1587-3262-91CB-28E9D013405D}
	EndProjectSection
EndProject
Project("{8BC9CEB8-8B4A-11D0-8D11-00A0C91BC942}") = "tutorial02_red_triangle", "tutorial02_red_triangle.vcxproj", "{055D8128-0FAA-303F-A449-0A87AE6C7340}"
	ProjectSection(ProjectDependencies) = postProject
		{9EA8F871-E65E-340E-A5B9-C888C025B9E8} = {9EA8F871-E65E-340E-A5B9-C888C025B9E8}
		{D4E5C877-5B7F-3FB2-9F91-8D614A96610A} = {D4E5C877-5B7F-3FB2-9F91-8D614A96610A}
		{95762FA3-1587-3262-91CB-28E9D013405D} = {95762FA3-1587-3262-91CB-28E9D013405D}
	EndProjectSection
EndProject
Project("{8BC9CEB8-8B4A-11D0-8D11-00A0C91BC942}") = "tutorial03_matrices", "tutorial03_matrices.vcxproj", "{B572A34E-2B4D-3F86-8532-B82E35FCCC9C}"
	ProjectSection(ProjectDependencies) = postProject
		{9EA8F871-E65E-340E-A5B9-C888C025B9E8} = {9EA8F871-E65E-340E-A5B9-C888C025B9E8}
		{D4E5C877-5B7F-3FB2-9F91-8D614A96610A} = {D4E5C877-5B7F-3FB2-9F91-8D614A96610A}
		{95762FA3-1587-3262-91CB-28E9D013405D} = {95762FA3-1587-3262-91CB-28E9D013405D}
	EndProjectSection
EndProject
Project("{8BC9CEB8-8B4A-11D0-8D11-00A0C91BC942}") = "tutorial04_colored_cube", "tutorial04_colored_cube.vcxproj", "{1818AD35-7112-3DBD-8F78-1CEF734A067A}"
	ProjectSection(ProjectDependencies) = postProject
		{9EA8F871-E65E-340E-A5B9-C888C025B9E8} = {9EA8F871-E65E-340E-A5B9-C888C025B9E8}
		{D4E5C877-5B7F-3FB2-9F91-8D614A96610A} = {D4E5C877-5B7F-3FB2-9F91-8D614A96610A}
		{95762FA3-1587-3262-91CB-28E9D013405D} = {95762FA3-1587-3262-91CB-28E9D013405D}
	EndProjectSection
EndProject
Project("{8BC9CEB8-8B4A-11D0-8D11-00A0C91BC942}") = "tutorial05_textured_cube", "tutorial05_textured_cube.vcxproj", "{97DF7DBD-07C3-3431-B3B1-A32FD07D20C7}"
	ProjectSection(ProjectDependencies) = postProject
		{9EA8F871-E65E-340E-A5B9-C888C025B9E8} = {9EA8F871-E65E-340E-A5B9-C888C025B9E8}
		{D4E5C877-5B7F-3FB2-9F91-8D614A96610A} = {D4E5C877-5B7F-3FB2-9F91-8D614A96610A}
		{95762FA3-1587-3262-91CB-28E9D013405D} = {95762FA3-1587-3262-91CB-28E9D013405D}
	EndProjectSection
EndProject
Project("{8BC9CEB8-8B4A-11D0-8D11-00A0C91BC942}") = "tutorial06_keyboard_and_mouse", "tutorial06_keyboard_and_mouse.vcxproj", "{00A29722-7AF9-3E4C-95C6-D4F9956C5358}"
	ProjectSection(ProjectDependencies) = postProject
		{9EA8F871-E65E-340E-A5B9-C888C025B9E8} = {9EA8F871-E65E-340E-A5B9-C888C025B9E8}
		{D4E5C877-5B7F-3FB2-9F91-8D614A96610A} = {D4E5C877-5B7F-3FB2-9F91-8D614A96610A}
		{95762FA3-1587-3262-91CB-28E9D013405D} = {95762FA3-1587-3262-91CB-28E9D013405D}
	EndProjectSection
EndProject
Project("{8BC9CEB8-8B4A-11D0-8D11-00A0C91BC942}") = "tutorial07_model_loading", "tutorial07_model_loading.vcxproj", "{A74E8222-69F3-3D32-81ED-B2E34CFAF15E}"
	ProjectSection(ProjectDependencies) = postProject
		{9EA8F871-E65E-340E-A5B9-C888C025B9E8} = {9EA8F871-E65E-340E-A5B9-C888C025B9E8}
		{D4E5C877-5B7F-3FB2-9F91-8D614A96610A} = {D4E5C877-5B7F-3FB2-9F91-8D614A96610A}
		{95762FA3-1587-3262-91CB-28E9D013405D} = {95762FA3-1587-3262-91CB-28E9D013405D}
	EndProjectSection
EndProject
Project("{8BC9CEB8-8B4A-11D0-8D11-00A0C91BC942}") = "tutorial08_basic_shading", "tutorial08_basic_shading.vcxproj", "{06239DCD-E8D3-3A56-8397-6D224B7370A2}"
	ProjectSection(ProjectDependencies) = postProject
		{9EA8F871-E65E-340E-A5B9-C888C025B9E8} = {9EA8F871-E65E-340E-A5B9-C888C025B9E8}
		{D4E5C877-5B7F-3FB2-9F91-8D614A96610A} = {D4E5C877-5B7F-3FB2-9F91-8D614A96610A}
		{95762FA3-1587-3262-91CB-28E9D013405D} = {95762FA3-1587-3262-91CB-28E9D013405D}
	EndProjectSection
EndProject
Project("{8BC9CEB8-8B4A-11D0-8D11-00A0C91BC942}") = "tutorial09_AssImp", "tutorial09_AssImp.vcxproj", "{E3833996-66A5-3018-AC90-F3BF99050A34}"
	ProjectSection(ProjectDependencies) = postProject
		{9EA8F871-E65E-340E-A5B9-C888C025B9E8} = {9EA8F871-E65E-340E-A5B9-C888C025B9E8}
		{D4E5C877-5B7F-3FB2-9F91-8D614A96610A} = {D4E5C877-5B7F-3FB2-9F91-8D614A96610A}
		{66929710-F886-3DC1-8B0F-7FC943FB67F0} = {66929710-F886-3DC1-8B0F-7FC943FB67F0}
		{95762FA3-1587-3262-91CB-28E9D013405D} = {95762FA3-1587-3262-91CB-28E9D013405D}
		{8AFEA2BD-D9EC-34FE-ADA3-B0177FB929F9} = {8AFEA2BD-D9EC-34FE-ADA3-B0177FB929F9}
	EndProjectSection
EndProject
Project("{8BC9CEB8-8B4A-11D0-8D11-00A0C91BC942}") = "tutorial09_several_objects", "tutorial09_several_objects.vcxproj", "{D09A15C3-3682-357A-B70B-438D07616B34}"
	ProjectSection(ProjectDependencies) = postProject
		{9EA8F871-E65E-340E-A5B9-C888C025B9E8} = {9EA8F871-E65E-340E-A5B9-C888C025B9E8}
		{D4E5C877-5B7F-3FB2-9F91-8D614A96610A} = {D4E5C877-5B7F-3FB2-9F91-8D614A96610A}
		{95762FA3-1587-3262-91CB-28E9D013405D} = {95762FA3-1587-3262-91CB-28E9D013405D}
	EndProjectSection
EndProject
Project("{8BC9CEB8-8B4A-11D0-8D11-00A0C91BC942}") = "tutorial09_vbo_indexing", "tutorial09_vbo_indexing.vcxproj", "{326F5BE0-29FB-3CB3-B71F-8B1643E32495}"
	ProjectSection(ProjectDependencies) = postProject
		{9EA8F871-E65E-340E-A5B9-C888C025B9E8} = {9EA8F871-E65E-340E-A5B9-C888C025B9E8}
		{D4E5C877-5B7F-3FB2-9F91-8D614A96610A} = {D4E5C877-5B7F-3FB2-9F91-8D614A96610A}
		{95762FA3-1587-3262-91CB-28E9D013405D} = {95762FA3-1587-3262-91CB-28E9D013405D}
	EndProjectSection
EndProject
Project("{8BC9CEB8-8B4A-11D0-8D11-00A0C91BC942}") = "tutorial10_transparency", "tutorial10_transparency.vcxproj", "{6947E90B-32E4-3C09-BCED-90F385922E0E}"
	ProjectSection(ProjectDependencies) = postProject
		{9EA8F871-E65E-340E-A5B9-C888C025B9E8} = {9EA8F871-E65E-340E-A5B9-C888C025B9E8}
		{D4E5C877-5B7F-3FB2-9F91-8D614A96610A} = {D4E5C877-5B7F-3FB2-9F91-8D614A96610A}
		{95762FA3-1587-3262-91CB-28E9D013405D} = {95762FA3-1587-3262-91CB-28E9D013405D}
	EndProjectSection
EndProject
Project("{8BC9CEB8-8B4A-11D0-8D11-00A0C91BC942}") = "tutorial11_2d_fonts", "tutorial11_2d_fonts.vcxproj", "{852C20D2-BDA4-32DA-ABDD-F008428CF616}"
	ProjectSection(ProjectDependencies) = postProject
		{9EA8F871-E65E-340E-A5B9-C888C025B9E8} = {9EA8F871-E65E-340E-A5B9-C888C025B9E8}
		{D4E5C877-5B7F-3FB2-9F91-8D614A96610A} = {D4E5C877-5B7F-3FB2-9F91-8D614A96610A}
		{95762FA3-1587-3262-91CB-28E9D013405D} = {95762FA3-1587-3262-91CB-28E9D013405D}
	EndProjectSection
EndProject
Project("{8BC9CEB8-8B4A-11D0-8D11-00A0C91BC942}") = "tutorial12_extensions", "tutorial12_extensions.vcxproj", "{81AA57B7-E4FB-365A-84AF-6CF9DC4A177E}"
	ProjectSection(ProjectDependencies) = postProject
		{9EA8F871-E65E-340E-A5B9-C888C025B9E8} = {9EA8F871-E65E-340E-A5B9-C888C025B9E8}
		{D4E5C877-5B7F-3FB2-9F91-8D614A96610A} = {D4E5C877-5B7F-3FB2-9F91-8D614A96610A}
		{95762FA3-1587-3262-91CB-28E9D013405D} = {95762FA3-1587-3262-91CB-28E9D013405D}
	EndProjectSection
EndProject
Project("{8BC9CEB8-8B4A-11D0-8D11-00A0C91BC942}") = "tutorial13_normal_mapping", "tutorial13_normal_mapping.vcxproj", "{8EB4EAA0-3812-3AEE-80C8-697BC3773632}"
	ProjectSection(ProjectDependencies) = postProject
		{9EA8F871-E65E-340E-A5B9-C888C025B9E8} = {9EA8F871-E65E-340E-A5B9-C888C025B9E8}
		{D4E5C877-5B7F-3FB2-9F91-8D614A96610A} = {D4E5C877-5B7F-3FB2-9F91-8D614A96610A}
		{95762FA3-1587-3262-91CB-28E9D013405D} = {95762FA3-1587-3262-91CB-28E9D013405D}
	EndProjectSection
EndProject
Project("{8BC9CEB8-8B4A-11D0-8D11-00A0C91BC942}") = "tutorial14_render_to_texture", "tutorial14_render_to_texture.vcxproj", "{173B9AA3-1747-3222-B960-72B017CED926}"
	ProjectSection(ProjectDependencies) = postProject
		{9EA8F871-E65E-340E-A5B9-C888C025B9E8} = {9EA8F871-E65E-340E-A5B9-C888C025B9E8}
		{D4E5C877-5B7F-3FB2-9F91-8D614A96610A} = {D4E5C877-5B7F-3FB2-9F91-8D614A96610A}
		{95762FA3-1587-3262-91CB-28E9D013405D} = {95762FA3-1587-3262-91CB-28E9D013405D}
	EndProjectSection
EndProject
Project("{8BC9CEB8-8B4A-11D0-8D11-00A0C91BC942}") = "tutorial15_lightmaps", "tutorial15_lightmaps.vcxproj", "{4670C0C1-8510-37E1-AF26-44E9FB23B07C}"
	ProjectSection(ProjectDependencies) = postProject
		{9EA8F871-E65E-340E-A5B9-C888C025B9E8} = {9EA8F871-E65E-340E-A5B9-C888C025B9E8}
		{D4E5C877-5B7F-3FB2-9F91-8D614A96610A} = {D4E5C877-5B7F-3FB2-9F91-8D614A96610A}
		{95762FA3-1587-3262-91CB-28E9D013405D} = {95762FA3-1587-3262-91CB-28E9D013405D}
	EndProjectSection
EndProject
Project("{8BC9CEB8-8B4A-11D0-8D11-00A0C91BC942}") = "tutorial16_shadowmaps", "tutorial16_shadowmaps.vcxproj", "{D8F4DC28-EB77-3CC5-9776-7C8B9F762A3C}"
	ProjectSection(ProjectDependencies) = postProject
		{9EA8F871-E65E-340E-A5B9-C888C025B9E8} = {9EA8F871-E65E-340E-A5B9-C888C025B9E8}
		{D4E5C877-5B7F-3FB2-9F91-8D614A96610A} = {D4E5C877-5B7F-3FB2-9F91-8D614A96610A}
		{95762FA3-1587-3262-91CB-28E9D013405D} = {95762FA3-1587-3262-91CB-28E9D013405D}
	EndProjectSection
EndProject
Project("{8BC9CEB8-8B4A-11D0-8D11-00A0C91BC942}") = "tutorial16_shadowmaps_simple", "tutorial16_shadowmaps_simple.vcxproj", "{F82C7A82-E8D6-3008-A9E5-073395B448E5}"
	ProjectSection(ProjectDependencies) = postProject
		{9EA8F871-E65E-340E-A5B9-C888C025B9E8} = {9EA8F871-E65E-340E-A5B9-C888C025B9E8}
		{D4E5C877-5B7F-3FB2-9F91-8D614A96610A} = {D4E5C877-5B7F-3FB2-9F91-8D614A96610A}
		{95762FA3-1587-3262-91CB-28E9D013405D} = {95762FA3-1587-3262-91CB-28E9D013405D}
	EndProjectSection
EndProject
Project("{8BC9CEB8-8B4A-11D0-8D11-00A0C91BC942}") = "tutorial17_rotations", "tutorial17_rotations.vcxproj", "{2BCC26BB-A0C5-358A-8348-CFE3EDED4DB1}"
	ProjectSection(ProjectDependencies) = postProject
		{6B5192F9-9BB2-3F0A-A6B7-0FB7BFE722BD} = {6B5192F9-9BB2-3F0A-A6B7-0FB7BFE722BD}
		{9EA8F871-E65E-340E-A5B9-C888C025B9E8} = {9EA8F871-E65E-340E-A5B9-C888C025B9E8}
		{D4E5C877-5B7F-3FB2-9F91-8D614A96610A} = {D4E5C877-5B7F-3FB2-9F91-8D614A96610A}
		{95762FA3-1587-3262-91CB-28E9D013405D} = {95762FA3-1587-3262-91CB-28E9D013405D}
	EndProjectSection
EndProject
Project("{8BC9CEB8-8B4A-11D0-8D11-00A0C91BC942}") = "tutorial18_billboards", "tutorial18_billboards.vcxproj", "{712264EC-70FB-3B06-AC24-91E2412D416B}"
	ProjectSection(ProjectDependencies) = postProject
		{9EA8F871-E65E-340E-A5B9-C888C025B9E8} = {9EA8F871-E65E-340E-A5B9-C888C025B9E8}
		{D4E5C877-5B7F-3FB2-9F91-8D614A96610A} = {D4E5C877-5B7F-3FB2-9F91-8D614A96610A}
		{95762FA3-1587-3262-91CB-28E9D013405D} = {95762FA3-1587-3262-91CB-28E9D013405D}
	EndProjectSection
EndProject
Project("{8BC9CEB8-8B4A-11D0-8D11-00A0C91BC942}") = "tutorial18_particles", "tutorial18_particles.vcxproj", "{594EE0B1-99B4-3F1E-A083-A675169FF030}"
	ProjectSection(ProjectDependencies) = postProject
		{9EA8F871-E65E-340E-A5B9-C888C025B9E8} = {9EA8F871-E65E-340E-A5B9-C888C025B9E8}
		{D4E5C877-5B7F-3FB2-9F91-8D614A96610A} = {D4E5C877-5B7F-3FB2-9F91-8D614A96610A}
		{95762FA3-1587-3262-91CB-28E9D013405D} = {95762FA3-1587-3262-91CB-28E9D013405D}
	EndProjectSection
EndProject
Project("{8BC9CEB8-8B4A-11D0-8D11-00A0C91BC942}") = "uninstall", "external\glfw-3.1.2\uninstall.vcxproj", "{82B28B6F-FF2E-3FB8-8393-85121FDCC5BF}"
	ProjectSection(ProjectDependencies) = postProject
		{D4E5C877-5B7F-3FB2-9F91-8D614A96610A} = {D4E5C877-5B7F-3FB2-9F91-8D614A96610A}
	EndProjectSection
EndProject
Project("{8BC9CEB8-8B4A-11D0-8D11-00A0C91BC942}") = "wave", "external\glfw-3.1.2\examples\wave.vcxproj", "{7E820E0F-08D9-343C-9242-6276AB11B1C7}"
	ProjectSection(ProjectDependencies) = postProject
		{D4E5C877-5B7F-3FB2-9F91-8D614A96610A} = {D4E5C877-5B7F-3FB2-9F91-8D614A96610A}
		{95762FA3-1587-3262-91CB-28E9D013405D} = {95762FA3-1587-3262-91CB-28E9D013405D}
	EndProjectSection
EndProject
Project("{8BC9CEB8-8B4A-11D0-8D11-00A0C91BC942}") = "windows", "external\glfw-3.1.2\tests\windows.vcxproj", "{5D30DF4C-6E23-3AC4-9AC7-C32153CEE261}"
	ProjectSection(ProjectDependencies) = postProject
		{D4E5C877-5B7F-3FB2-9F91-8D614A96610A} = {D4E5C877-5B7F-3FB2-9F91-8D614A96610A}
		{95762FA3-1587-3262-91CB-28E9D013405D} = {95762FA3-1587-3262-91CB-28E9D013405D}
	EndProjectSection
EndProject
Project("{8BC9CEB8-8B4A-11D0-8D11-00A0C91BC942}") = "zlib", "external\assimp-3.0.1270\contrib\zlib\zlib.vcxproj", "{8AFEA2BD-D9EC-34FE-ADA3-B0177FB929F9}"
	ProjectSection(ProjectDependencies) = postProject
		{D4E5C877-5B7F-3FB2-9F91-8D614A96610A} = {D4E5C877-5B7F-3FB2-9F91-8D614A96610A}
	EndProjectSection
EndProject
Global
	GlobalSection(SolutionConfigurationPlatforms) = preSolution
		Debug|Win32 = Debug|Win32
		Release|Win32 = Release|Win32
		MinSizeRel|Win32 = MinSizeRel|Win32
		RelWithDebInfo|Win32 = RelWithDebInfo|Win32
	EndGlobalSection
	GlobalSection(ProjectConfigurationPlatforms) = postSolution
		{1A89BD72-B1D1-31A2-900E-F9ADA3F60E92}.Debug|Win32.ActiveCfg = Debug|Win32
		{1A89BD72-B1D1-31A2-900E-F9ADA3F60E92}.Debug|Win32.Build.0 = Debug|Win32
		{1A89BD72-B1D1-31A2-900E-F9ADA3F60E92}.Release|Win32.ActiveCfg = Release|Win32
		{1A89BD72-B1D1-31A2-900E-F9ADA3F60E92}.Release|Win32.Build.0 = Release|Win32
		{1A89BD72-B1D1-31A2-900E-F9ADA3F60E92}.MinSizeRel|Win32.ActiveCfg = MinSizeRel|Win32
		{1A89BD72-B1D1-31A2-900E-F9ADA3F60E92}.MinSizeRel|Win32.Build.0 = MinSizeRel|Win32
		{1A89BD72-B1D1-31A2-900E-F9ADA3F60E92}.RelWithDebInfo|Win32.ActiveCfg = RelWithDebInfo|Win32
		{1A89BD72-B1D1-31A2-900E-F9ADA3F60E92}.RelWithDebInfo|Win32.Build.0 = RelWithDebInfo|Win32
		{6B5192F9-9BB2-3F0A-A6B7-0FB7BFE722BD}.Debug|Win32.ActiveCfg = Debug|Win32
		{6B5192F9-9BB2-3F0A-A6B7-0FB7BFE722BD}.Debug|Win32.Build.0 = Debug|Win32
		{6B5192F9-9BB2-3F0A-A6B7-0FB7BFE722BD}.Release|Win32.ActiveCfg = Release|Win32
		{6B5192F9-9BB2-3F0A-A6B7-0FB7BFE722BD}.Release|Win32.Build.0 = Release|Win32
		{6B5192F9-9BB2-3F0A-A6B7-0FB7BFE722BD}.MinSizeRel|Win32.ActiveCfg = MinSizeRel|Win32
		{6B5192F9-9BB2-3F0A-A6B7-0FB7BFE722BD}.MinSizeRel|Win32.Build.0 = MinSizeRel|Win32
		{6B5192F9-9BB2-3F0A-A6B7-0FB7BFE722BD}.RelWithDebInfo|Win32.ActiveCfg = RelWithDebInfo|Win32
		{6B5192F9-9BB2-3F0A-A6B7-0FB7BFE722BD}.RelWithDebInfo|Win32.Build.0 = RelWithDebInfo|Win32
		{9E65908D-7F41-36F5-B24A-146CD1D096E1}.Debug|Win32.ActiveCfg = Debug|Win32
		{9E65908D-7F41-36F5-B24A-146CD1D096E1}.Debug|Win32.Build.0 = Debug|Win32
		{9E65908D-7F41-36F5-B24A-146CD1D096E1}.Release|Win32.ActiveCfg = Release|Win32
		{9E65908D-7F41-36F5-B24A-146CD1D096E1}.Release|Win32.Build.0 = Release|Win32
		{9E65908D-7F41-36F5-B24A-146CD1D096E1}.MinSizeRel|Win32.ActiveCfg = MinSizeRel|Win32
		{9E65908D-7F41-36F5-B24A-146CD1D096E1}.MinSizeRel|Win32.Build.0 = MinSizeRel|Win32
		{9E65908D-7F41-36F5-B24A-146CD1D096E1}.RelWithDebInfo|Win32.ActiveCfg = RelWithDebInfo|Win32
		{9E65908D-7F41-36F5-B24A-146CD1D096E1}.RelWithDebInfo|Win32.Build.0 = RelWithDebInfo|Win32
		{3002AF3A-058B-34B5-B670-5110A0DC6388}.Debug|Win32.ActiveCfg = Debug|Win32
		{3002AF3A-058B-34B5-B670-5110A0DC6388}.Debug|Win32.Build.0 = Debug|Win32
		{3002AF3A-058B-34B5-B670-5110A0DC6388}.Release|Win32.ActiveCfg = Release|Win32
		{3002AF3A-058B-34B5-B670-5110A0DC6388}.Release|Win32.Build.0 = Release|Win32
		{3002AF3A-058B-34B5-B670-5110A0DC6388}.MinSizeRel|Win32.ActiveCfg = MinSizeRel|Win32
		{3002AF3A-058B-34B5-B670-5110A0DC6388}.MinSizeRel|Win32.Build.0 = MinSizeRel|Win32
		{3002AF3A-058B-34B5-B670-5110A0DC6388}.RelWithDebInfo|Win32.ActiveCfg = RelWithDebInfo|Win32
		{3002AF3A-058B-34B5-B670-5110A0DC6388}.RelWithDebInfo|Win32.Build.0 = RelWithDebInfo|Win32
		{BA59735D-A400-369E-965D-E751F5C06741}.Debug|Win32.ActiveCfg = Debug|Win32
		{BA59735D-A400-369E-965D-E751F5C06741}.Debug|Win32.Build.0 = Debug|Win32
		{BA59735D-A400-369E-965D-E751F5C06741}.Release|Win32.ActiveCfg = Release|Win32
		{BA59735D-A400-369E-965D-E751F5C06741}.Release|Win32.Build.0 = Release|Win32
		{BA59735D-A400-369E-965D-E751F5C06741}.MinSizeRel|Win32.ActiveCfg = MinSizeRel|Win32
		{BA59735D-A400-369E-965D-E751F5C06741}.MinSizeRel|Win32.Build.0 = MinSizeRel|Win32
		{BA59735D-A400-369E-965D-E751F5C06741}.RelWithDebInfo|Win32.ActiveCfg = RelWithDebInfo|Win32
		{BA59735D-A400-369E-965D-E751F5C06741}.RelWithDebInfo|Win32.Build.0 = RelWithDebInfo|Win32
		{9EA8F871-E65E-340E-A5B9-C888C025B9E8}.Debug|Win32.ActiveCfg = Debug|Win32
		{9EA8F871-E65E-340E-A5B9-C888C025B9E8}.Debug|Win32.Build.0 = Debug|Win32
		{9EA8F871-E65E-340E-A5B9-C888C025B9E8}.Release|Win32.ActiveCfg = Release|Win32
		{9EA8F871-E65E-340E-A5B9-C888C025B9E8}.Release|Win32.Build.0 = Release|Win32
		{9EA8F871-E65E-340E-A5B9-C888C025B9E8}.MinSizeRel|Win32.ActiveCfg = MinSizeRel|Win32
		{9EA8F871-E65E-340E-A5B9-C888C025B9E8}.MinSizeRel|Win32.Build.0 = MinSizeRel|Win32
		{9EA8F871-E65E-340E-A5B9-C888C025B9E8}.RelWithDebInfo|Win32.ActiveCfg = RelWithDebInfo|Win32
		{9EA8F871-E65E-340E-A5B9-C888C025B9E8}.RelWithDebInfo|Win32.Build.0 = RelWithDebInfo|Win32
		{C2BAAA99-C7AF-3611-9D17-4A1442ECF98C}.Debug|Win32.ActiveCfg = Debug|Win32
		{C2BAAA99-C7AF-3611-9D17-4A1442ECF98C}.Release|Win32.ActiveCfg = Release|Win32
		{C2BAAA99-C7AF-3611-9D17-4A1442ECF98C}.MinSizeRel|Win32.ActiveCfg = MinSizeRel|Win32
		{C2BAAA99-C7AF-3611-9D17-4A1442ECF98C}.RelWithDebInfo|Win32.ActiveCfg = RelWithDebInfo|Win32
		{45237B44-F8C1-392D-814E-9B0663C00E2A}.Debug|Win32.ActiveCfg = Debug|Win32
		{45237B44-F8C1-392D-814E-9B0663C00E2A}.Debug|Win32.Build.0 = Debug|Win32
		{45237B44-F8C1-392D-814E-9B0663C00E2A}.Release|Win32.ActiveCfg = Release|Win32
		{45237B44-F8C1-392D-814E-9B0663C00E2A}.Release|Win32.Build.0 = Release|Win32
		{45237B44-F8C1-392D-814E-9B0663C00E2A}.MinSizeRel|Win32.ActiveCfg = MinSizeRel|Win32
		{45237B44-F8C1-392D-814E-9B0663C00E2A}.MinSizeRel|Win32.Build.0 = MinSizeRel|Win32
		{45237B44-F8C1-392D-814E-9B0663C00E2A}.RelWithDebInfo|Win32.ActiveCfg = RelWithDebInfo|Win32
		{45237B44-F8C1-392D-814E-9B0663C00E2A}.RelWithDebInfo|Win32.Build.0 = RelWithDebInfo|Win32
		{D4E5C877-5B7F-3FB2-9F91-8D614A96610A}.Debug|Win32.ActiveCfg = Debug|Win32
		{D4E5C877-5B7F-3FB2-9F91-8D614A96610A}.Debug|Win32.Build.0 = Debug|Win32
		{D4E5C877-5B7F-3FB2-9F91-8D614A96610A}.Release|Win32.ActiveCfg = Release|Win32
		{D4E5C877-5B7F-3FB2-9F91-8D614A96610A}.Release|Win32.Build.0 = Release|Win32
		{D4E5C877-5B7F-3FB2-9F91-8D614A96610A}.MinSizeRel|Win32.ActiveCfg = MinSizeRel|Win32
		{D4E5C877-5B7F-3FB2-9F91-8D614A96610A}.MinSizeRel|Win32.Build.0 = MinSizeRel|Win32
		{D4E5C877-5B7F-3FB2-9F91-8D614A96610A}.RelWithDebInfo|Win32.ActiveCfg = RelWithDebInfo|Win32
		{D4E5C877-5B7F-3FB2-9F91-8D614A96610A}.RelWithDebInfo|Win32.Build.0 = RelWithDebInfo|Win32
		{66929710-F886-3DC1-8B0F-7FC943FB67F0}.Debug|Win32.ActiveCfg = Debug|Win32
		{66929710-F886-3DC1-8B0F-7FC943FB67F0}.Debug|Win32.Build.0 = Debug|Win32
		{66929710-F886-3DC1-8B0F-7FC943FB67F0}.Release|Win32.ActiveCfg = Release|Win32
		{66929710-F886-3DC1-8B0F-7FC943FB67F0}.Release|Win32.Build.0 = Release|Win32
		{66929710-F886-3DC1-8B0F-7FC943FB67F0}.MinSizeRel|Win32.ActiveCfg = MinSizeRel|Win32
		{66929710-F886-3DC1-8B0F-7FC943FB67F0}.MinSizeRel|Win32.Build.0 = MinSizeRel|Win32
		{66929710-F886-3DC1-8B0F-7FC943FB67F0}.RelWithDebInfo|Win32.ActiveCfg = RelWithDebInfo|Win32
		{66929710-F886-3DC1-8B0F-7FC943FB67F0}.RelWithDebInfo|Win32.Build.0 = RelWithDebInfo|Win32
		{F576C287-9155-30E9-9EFD-09354CFD1A13}.Debug|Win32.ActiveCfg = Debug|Win32
		{F576C287-9155-30E9-9EFD-09354CFD1A13}.Debug|Win32.Build.0 = Debug|Win32
		{F576C287-9155-30E9-9EFD-09354CFD1A13}.Release|Win32.ActiveCfg = Release|Win32
		{F576C287-9155-30E9-9EFD-09354CFD1A13}.Release|Win32.Build.0 = Release|Win32
		{F576C287-9155-30E9-9EFD-09354CFD1A13}.MinSizeRel|Win32.ActiveCfg = MinSizeRel|Win32
		{F576C287-9155-30E9-9EFD-09354CFD1A13}.MinSizeRel|Win32.Build.0 = MinSizeRel|Win32
		{F576C287-9155-30E9-9EFD-09354CFD1A13}.RelWithDebInfo|Win32.ActiveCfg = RelWithDebInfo|Win32
		{F576C287-9155-30E9-9EFD-09354CFD1A13}.RelWithDebInfo|Win32.Build.0 = RelWithDebInfo|Win32
		{B00642E4-DD36-3A72-9AFF-E24A15062621}.Debug|Win32.ActiveCfg = Debug|Win32
		{B00642E4-DD36-3A72-9AFF-E24A15062621}.Debug|Win32.Build.0 = Debug|Win32
		{B00642E4-DD36-3A72-9AFF-E24A15062621}.Release|Win32.ActiveCfg = Release|Win32
		{B00642E4-DD36-3A72-9AFF-E24A15062621}.Release|Win32.Build.0 = Release|Win32
		{B00642E4-DD36-3A72-9AFF-E24A15062621}.MinSizeRel|Win32.ActiveCfg = MinSizeRel|Win32
		{B00642E4-DD36-3A72-9AFF-E24A15062621}.MinSizeRel|Win32.Build.0 = MinSizeRel|Win32
		{B00642E4-DD36-3A72-9AFF-E24A15062621}.RelWithDebInfo|Win32.ActiveCfg = RelWithDebInfo|Win32
		{B00642E4-DD36-3A72-9AFF-E24A15062621}.RelWithDebInfo|Win32.Build.0 = RelWithDebInfo|Win32
		{88B3A54D-F336-3884-B74A-F2D323FD8B65}.Debug|Win32.ActiveCfg = Debug|Win32
		{88B3A54D-F336-3884-B74A-F2D323FD8B65}.Debug|Win32.Build.0 = Debug|Win32
		{88B3A54D-F336-3884-B74A-F2D323FD8B65}.Release|Win32.ActiveCfg = Release|Win32
		{88B3A54D-F336-3884-B74A-F2D323FD8B65}.Release|Win32.Build.0 = Release|Win32
		{88B3A54D-F336-3884-B74A-F2D323FD8B65}.MinSizeRel|Win32.ActiveCfg = MinSizeRel|Win32
		{88B3A54D-F336-3884-B74A-F2D323FD8B65}.MinSizeRel|Win32.Build.0 = MinSizeRel|Win32
		{88B3A54D-F336-3884-B74A-F2D323FD8B65}.RelWithDebInfo|Win32.ActiveCfg = RelWithDebInfo|Win32
		{88B3A54D-F336-3884-B74A-F2D323FD8B65}.RelWithDebInfo|Win32.Build.0 = RelWithDebInfo|Win32
		{2AD44828-F0C1-3E51-B250-DBDA08B144C1}.Debug|Win32.ActiveCfg = Debug|Win32
		{2AD44828-F0C1-3E51-B250-DBDA08B144C1}.Debug|Win32.Build.0 = Debug|Win32
		{2AD44828-F0C1-3E51-B250-DBDA08B144C1}.Release|Win32.ActiveCfg = Release|Win32
		{2AD44828-F0C1-3E51-B250-DBDA08B144C1}.Release|Win32.Build.0 = Release|Win32
		{2AD44828-F0C1-3E51-B250-DBDA08B144C1}.MinSizeRel|Win32.ActiveCfg = MinSizeRel|Win32
		{2AD44828-F0C1-3E51-B250-DBDA08B144C1}.MinSizeRel|Win32.Build.0 = MinSizeRel|Win32
		{2AD44828-F0C1-3E51-B250-DBDA08B144C1}.RelWithDebInfo|Win32.ActiveCfg = RelWithDebInfo|Win32
		{2AD44828-F0C1-3E51-B250-DBDA08B144C1}.RelWithDebInfo|Win32.Build.0 = RelWithDebInfo|Win32
		{C43E1ABD-6887-32D9-9A5A-701BC1FAABD7}.Debug|Win32.ActiveCfg = Debug|Win32
		{C43E1ABD-6887-32D9-9A5A-701BC1FAABD7}.Debug|Win32.Build.0 = Debug|Win32
		{C43E1ABD-6887-32D9-9A5A-701BC1FAABD7}.Release|Win32.ActiveCfg = Release|Win32
		{C43E1ABD-6887-32D9-9A5A-701BC1FAABD7}.Release|Win32.Build.0 = Release|Win32
		{C43E1ABD-6887-32D9-9A5A-701BC1FAABD7}.MinSizeRel|Win32.ActiveCfg = MinSizeRel|Win32
		{C43E1ABD-6887-32D9-9A5A-701BC1FAABD7}.MinSizeRel|Win32.Build.0 = MinSizeRel|Win32
		{C43E1ABD-6887-32D9-9A5A-701BC1FAABD7}.RelWithDebInfo|Win32.ActiveCfg = RelWithDebInfo|Win32
		{C43E1ABD-6887-32D9-9A5A-701BC1FAABD7}.RelWithDebInfo|Win32.Build.0 = RelWithDebInfo|Win32
		{1DD49C2F-2D88-31D9-A1A1-8C1FD592FA4C}.Debug|Win32.ActiveCfg = Debug|Win32
		{1DD49C2F-2D88-31D9-A1A1-8C1FD592FA4C}.Debug|Win32.Build.0 = Debug|Win32
		{1DD49C2F-2D88-31D9-A1A1-8C1FD592FA4C}.Release|Win32.ActiveCfg = Release|Win32
		{1DD49C2F-2D88-31D9-A1A1-8C1FD592FA4C}.Release|Win32.Build.0 = Release|Win32
		{1DD49C2F-2D88-31D9-A1A1-8C1FD592FA4C}.MinSizeRel|Win32.ActiveCfg = MinSizeRel|Win32
		{1DD49C2F-2D88-31D9-A1A1-8C1FD592FA4C}.MinSizeRel|Win32.Build.0 = MinSizeRel|Win32
		{1DD49C2F-2D88-31D9-A1A1-8C1FD592FA4C}.RelWithDebInfo|Win32.ActiveCfg = RelWithDebInfo|Win32
		{1DD49C2F-2D88-31D9-A1A1-8C1FD592FA4C}.RelWithDebInfo|Win32.Build.0 = RelWithDebInfo|Win32
		{8A679D2F-50EE-3428-AEE0-A4498E4A56AD}.Debug|Win32.ActiveCfg = Debug|Win32
		{8A679D2F-50EE-3428-AEE0-A4498E4A56AD}.Debug|Win32.Build.0 = Debug|Win32
		{8A679D2F-50EE-3428-AEE0-A4498E4A56AD}.Release|Win32.ActiveCfg = Release|Win32
		{8A679D2F-50EE-3428-AEE0-A4498E4A56AD}.Release|Win32.Build.0 = Release|Win32
		{8A679D2F-50EE-3428-AEE0-A4498E4A56AD}.MinSizeRel|Win32.ActiveCfg = MinSizeRel|Win32
		{8A679D2F-50EE-3428-AEE0-A4498E4A56AD}.MinSizeRel|Win32.Build.0 = MinSizeRel|Win32
		{8A679D2F-50EE-3428-AEE0-A4498E4A56AD}.RelWithDebInfo|Win32.ActiveCfg = RelWithDebInfo|Win32
		{8A679D2F-50EE-3428-AEE0-A4498E4A56AD}.RelWithDebInfo|Win32.Build.0 = RelWithDebInfo|Win32
		{95762FA3-1587-3262-91CB-28E9D013405D}.Debug|Win32.ActiveCfg = Debug|Win32
		{95762FA3-1587-3262-91CB-28E9D013405D}.Debug|Win32.Build.0 = Debug|Win32
		{95762FA3-1587-3262-91CB-28E9D013405D}.Release|Win32.ActiveCfg = Release|Win32
		{95762FA3-1587-3262-91CB-28E9D013405D}.Release|Win32.Build.0 = Release|Win32
		{95762FA3-1587-3262-91CB-28E9D013405D}.MinSizeRel|Win32.ActiveCfg = MinSizeRel|Win32
		{95762FA3-1587-3262-91CB-28E9D013405D}.MinSizeRel|Win32.Build.0 = MinSizeRel|Win32
		{95762FA3-1587-3262-91CB-28E9D013405D}.RelWithDebInfo|Win32.ActiveCfg = RelWithDebInfo|Win32
		{95762FA3-1587-3262-91CB-28E9D013405D}.RelWithDebInfo|Win32.Build.0 = RelWithDebInfo|Win32
		{D6E8AB10-441D-3FDF-86C1-9B5BF9DC8422}.Debug|Win32.ActiveCfg = Debug|Win32
		{D6E8AB10-441D-3FDF-86C1-9B5BF9DC8422}.Debug|Win32.Build.0 = Debug|Win32
		{D6E8AB10-441D-3FDF-86C1-9B5BF9DC8422}.Release|Win32.ActiveCfg = Release|Win32
		{D6E8AB10-441D-3FDF-86C1-9B5BF9DC8422}.Release|Win32.Build.0 = Release|Win32
		{D6E8AB10-441D-3FDF-86C1-9B5BF9DC8422}.MinSizeRel|Win32.ActiveCfg = MinSizeRel|Win32
		{D6E8AB10-441D-3FDF-86C1-9B5BF9DC8422}.MinSizeRel|Win32.Build.0 = MinSizeRel|Win32
		{D6E8AB10-441D-3FDF-86C1-9B5BF9DC8422}.RelWithDebInfo|Win32.ActiveCfg = RelWithDebInfo|Win32
		{D6E8AB10-441D-3FDF-86C1-9B5BF9DC8422}.RelWithDebInfo|Win32.Build.0 = RelWithDebInfo|Win32
		{1CCC6795-0102-34F1-9412-0CFA02B1C08E}.Debug|Win32.ActiveCfg = Debug|Win32
		{1CCC6795-0102-34F1-9412-0CFA02B1C08E}.Debug|Win32.Build.0 = Debug|Win32
		{1CCC6795-0102-34F1-9412-0CFA02B1C08E}.Release|Win32.ActiveCfg = Release|Win32
		{1CCC6795-0102-34F1-9412-0CFA02B1C08E}.Release|Win32.Build.0 = Release|Win32
		{1CCC6795-0102-34F1-9412-0CFA02B1C08E}.MinSizeRel|Win32.ActiveCfg = MinSizeRel|Win32
		{1CCC6795-0102-34F1-9412-0CFA02B1C08E}.MinSizeRel|Win32.Build.0 = MinSizeRel|Win32
		{1CCC6795-0102-34F1-9412-0CFA02B1C08E}.RelWithDebInfo|Win32.ActiveCfg = RelWithDebInfo|Win32
		{1CCC6795-0102-34F1-9412-0CFA02B1C08E}.RelWithDebInfo|Win32.Build.0 = RelWithDebInfo|Win32
		{E56DC4D2-D863-3545-AC8A-DFA515E70935}.Debug|Win32.ActiveCfg = Debug|Win32
		{E56DC4D2-D863-3545-AC8A-DFA515E70935}.Debug|Win32.Build.0 = Debug|Win32
		{E56DC4D2-D863-3545-AC8A-DFA515E70935}.Release|Win32.ActiveCfg = Release|Win32
		{E56DC4D2-D863-3545-AC8A-DFA515E70935}.Release|Win32.Build.0 = Release|Win32
		{E56DC4D2-D863-3545-AC8A-DFA515E70935}.MinSizeRel|Win32.ActiveCfg = MinSizeRel|Win32
		{E56DC4D2-D863-3545-AC8A-DFA515E70935}.MinSizeRel|Win32.Build.0 = MinSizeRel|Win32
		{E56DC4D2-D863-3545-AC8A-DFA515E70935}.RelWithDebInfo|Win32.ActiveCfg = RelWithDebInfo|Win32
		{E56DC4D2-D863-3545-AC8A-DFA515E70935}.RelWithDebInfo|Win32.Build.0 = RelWithDebInfo|Win32
		{82C4A1B6-7A26-3C61-B189-AEAFC484DA31}.Debug|Win32.ActiveCfg = Debug|Win32
		{82C4A1B6-7A26-3C61-B189-AEAFC484DA31}.Debug|Win32.Build.0 = Debug|Win32
		{82C4A1B6-7A26-3C61-B189-AEAFC484DA31}.Release|Win32.ActiveCfg = Release|Win32
		{82C4A1B6-7A26-3C61-B189-AEAFC484DA31}.Release|Win32.Build.0 = Release|Win32
		{82C4A1B6-7A26-3C61-B189-AEAFC484DA31}.MinSizeRel|Win32.ActiveCfg = MinSizeRel|Win32
		{82C4A1B6-7A26-3C61-B189-AEAFC484DA31}.MinSizeRel|Win32.Build.0 = MinSizeRel|Win32
		{82C4A1B6-7A26-3C61-B189-AEAFC484DA31}.RelWithDebInfo|Win32.ActiveCfg = RelWithDebInfo|Win32
		{82C4A1B6-7A26-3C61-B189-AEAFC484DA31}.RelWithDebInfo|Win32.Build.0 = RelWithDebInfo|Win32
		{64123D84-9A40-3C18-A891-5C70EF87E06E}.Debug|Win32.ActiveCfg = Debug|Win32
		{64123D84-9A40-3C18-A891-5C70EF87E06E}.Debug|Win32.Build.0 = Debug|Win32
		{64123D84-9A40-3C18-A891-5C70EF87E06E}.Release|Win32.ActiveCfg = Release|Win32
		{64123D84-9A40-3C18-A891-5C70EF87E06E}.Release|Win32.Build.0 = Release|Win32
		{64123D84-9A40-3C18-A891-5C70EF87E06E}.MinSizeRel|Win32.ActiveCfg = MinSizeRel|Win32
		{64123D84-9A40-3C18-A891-5C70EF87E06E}.MinSizeRel|Win32.Build.0 = MinSizeRel|Win32
		{64123D84-9A40-3C18-A891-5C70EF87E06E}.RelWithDebInfo|Win32.ActiveCfg = RelWithDebInfo|Win32
		{64123D84-9A40-3C18-A891-5C70EF87E06E}.RelWithDebInfo|Win32.Build.0 = RelWithDebInfo|Win32
		{CD89032B-5AA4-32EE-A5F3-BA5CD65180FA}.Debug|Win32.ActiveCfg = Debug|Win32
		{CD89032B-5AA4-32EE-A5F3-BA5CD65180FA}.Debug|Win32.Build.0 = Debug|Win32
		{CD89032B-5AA4-32EE-A5F3-BA5CD65180FA}.Release|Win32.ActiveCfg = Release|Win32
		{CD89032B-5AA4-32EE-A5F3-BA5CD65180FA}.Release|Win32.Build.0 = Release|Win32
		{CD89032B-5AA4-32EE-A5F3-BA5CD65180FA}.MinSizeRel|Win32.ActiveCfg = MinSizeRel|Win32
		{CD89032B-5AA4-32EE-A5F3-BA5CD65180FA}.MinSizeRel|Win32.Build.0 = MinSizeRel|Win32
		{CD89032B-5AA4-32EE-A5F3-BA5CD65180FA}.RelWithDebInfo|Win32.ActiveCfg = RelWithDebInfo|Win32
		{CD89032B-5AA4-32EE-A5F3-BA5CD65180FA}.RelWithDebInfo|Win32.Build.0 = RelWithDebInfo|Win32
		{7E876F0F-2561-3854-9315-D54EE72E6D54}.Debug|Win32.ActiveCfg = Debug|Win32
		{7E876F0F-2561-3854-9315-D54EE72E6D54}.Debug|Win32.Build.0 = Debug|Win32
		{7E876F0F-2561-3854-9315-D54EE72E6D54}.Release|Win32.ActiveCfg = Release|Win32
		{7E876F0F-2561-3854-9315-D54EE72E6D54}.Release|Win32.Build.0 = Release|Win32
		{7E876F0F-2561-3854-9315-D54EE72E6D54}.MinSizeRel|Win32.ActiveCfg = MinSizeRel|Win32
		{7E876F0F-2561-3854-9315-D54EE72E6D54}.MinSizeRel|Win32.Build.0 = MinSizeRel|Win32
		{7E876F0F-2561-3854-9315-D54EE72E6D54}.RelWithDebInfo|Win32.ActiveCfg = RelWithDebInfo|Win32
		{7E876F0F-2561-3854-9315-D54EE72E6D54}.RelWithDebInfo|Win32.Build.0 = RelWithDebInfo|Win32
		{671E93BA-4848-3E3F-815A-400195622FF8}.Debug|Win32.ActiveCfg = Debug|Win32
		{671E93BA-4848-3E3F-815A-400195622FF8}.Debug|Win32.Build.0 = Debug|Win32
		{671E93BA-4848-3E3F-815A-400195622FF8}.Release|Win32.ActiveCfg = Release|Win32
		{671E93BA-4848-3E3F-815A-400195622FF8}.Release|Win32.Build.0 = Release|Win32
		{671E93BA-4848-3E3F-815A-400195622FF8}.MinSizeRel|Win32.ActiveCfg = MinSizeRel|Win32
		{671E93BA-4848-3E3F-815A-400195622FF8}.MinSizeRel|Win32.Build.0 = MinSizeRel|Win32
		{671E93BA-4848-3E3F-815A-400195622FF8}.RelWithDebInfo|Win32.ActiveCfg = RelWithDebInfo|Win32
		{671E93BA-4848-3E3F-815A-400195622FF8}.RelWithDebInfo|Win32.Build.0 = RelWithDebInfo|Win32
		{E95E3E05-7158-3C3D-AE76-F7B9CB83EBA0}.Debug|Win32.ActiveCfg = Debug|Win32
		{E95E3E05-7158-3C3D-AE76-F7B9CB83EBA0}.Debug|Win32.Build.0 = Debug|Win32
		{E95E3E05-7158-3C3D-AE76-F7B9CB83EBA0}.Release|Win32.ActiveCfg = Release|Win32
		{E95E3E05-7158-3C3D-AE76-F7B9CB83EBA0}.Release|Win32.Build.0 = Release|Win32
		{E95E3E05-7158-3C3D-AE76-F7B9CB83EBA0}.MinSizeRel|Win32.ActiveCfg = MinSizeRel|Win32
		{E95E3E05-7158-3C3D-AE76-F7B9CB83EBA0}.MinSizeRel|Win32.Build.0 = MinSizeRel|Win32
		{E95E3E05-7158-3C3D-AE76-F7B9CB83EBA0}.RelWithDebInfo|Win32.ActiveCfg = RelWithDebInfo|Win32
		{E95E3E05-7158-3C3D-AE76-F7B9CB83EBA0}.RelWithDebInfo|Win32.Build.0 = RelWithDebInfo|Win32
		{75CB479C-BE62-3128-B24F-CAB428BA0BE8}.Debug|Win32.ActiveCfg = Debug|Win32
		{75CB479C-BE62-3128-B24F-CAB428BA0BE8}.Debug|Win32.Build.0 = Debug|Win32
		{75CB479C-BE62-3128-B24F-CAB428BA0BE8}.Release|Win32.ActiveCfg = Release|Win32
		{75CB479C-BE62-3128-B24F-CAB428BA0BE8}.Release|Win32.Build.0 = Release|Win32
		{75CB479C-BE62-3128-B24F-CAB428BA0BE8}.MinSizeRel|Win32.ActiveCfg = MinSizeRel|Win32
		{75CB479C-BE62-3128-B24F-CAB428BA0BE8}.MinSizeRel|Win32.Build.0 = MinSizeRel|Win32
		{75CB479C-BE62-3128-B24F-CAB428BA0BE8}.RelWithDebInfo|Win32.ActiveCfg = RelWithDebInfo|Win32
		{75CB479C-BE62-3128-B24F-CAB428BA0BE8}.RelWithDebInfo|Win32.Build.0 = RelWithDebInfo|Win32
		{E6432EEB-2B04-377F-9BA1-B929AB1EF84D}.Debug|Win32.ActiveCfg = Debug|Win32
		{E6432EEB-2B04-377F-9BA1-B929AB1EF84D}.Debug|Win32.Build.0 = Debug|Win32
		{E6432EEB-2B04-377F-9BA1-B929AB1EF84D}.Release|Win32.ActiveCfg = Release|Win32
		{E6432EEB-2B04-377F-9BA1-B929AB1EF84D}.Release|Win32.Build.0 = Release|Win32
		{E6432EEB-2B04-377F-9BA1-B929AB1EF84D}.MinSizeRel|Win32.ActiveCfg = MinSizeRel|Win32
		{E6432EEB-2B04-377F-9BA1-B929AB1EF84D}.MinSizeRel|Win32.Build.0 = MinSizeRel|Win32
		{E6432EEB-2B04-377F-9BA1-B929AB1EF84D}.RelWithDebInfo|Win32.ActiveCfg = RelWithDebInfo|Win32
		{E6432EEB-2B04-377F-9BA1-B929AB1EF84D}.RelWithDebInfo|Win32.Build.0 = RelWithDebInfo|Win32
		{73A561A0-51F2-3C2C-ABD7-C9301A92C195}.Debug|Win32.ActiveCfg = Debug|Win32
		{73A561A0-51F2-3C2C-ABD7-C9301A92C195}.Debug|Win32.Build.0 = Debug|Win32
		{73A561A0-51F2-3C2C-ABD7-C9301A92C195}.Release|Win32.ActiveCfg = Release|Win32
		{73A561A0-51F2-3C2C-ABD7-C9301A92C195}.Release|Win32.Build.0 = Release|Win32
		{73A561A0-51F2-3C2C-ABD7-C9301A92C195}.MinSizeRel|Win32.ActiveCfg = MinSizeRel|Win32
		{73A561A0-51F2-3C2C-ABD7-C9301A92C195}.MinSizeRel|Win32.Build.0 = MinSizeRel|Win32
		{73A561A0-51F2-3C2C-ABD7-C9301A92C195}.RelWithDebInfo|Win32.ActiveCfg = RelWithDebInfo|Win32
		{73A561A0-51F2-3C2C-ABD7-C9301A92C195}.RelWithDebInfo|Win32.Build.0 = RelWithDebInfo|Win32
		{747163B7-C836-333E-AE45-FB4834139E1D}.Debug|Win32.ActiveCfg = Debug|Win32
		{747163B7-C836-333E-AE45-FB4834139E1D}.Debug|Win32.Build.0 = Debug|Win32
		{747163B7-C836-333E-AE45-FB4834139E1D}.Release|Win32.ActiveCfg = Release|Win32
		{747163B7-C836-333E-AE45-FB4834139E1D}.Release|Win32.Build.0 = Release|Win32
		{747163B7-C836-333E-AE45-FB4834139E1D}.MinSizeRel|Win32.ActiveCfg = MinSizeRel|Win32
		{747163B7-C836-333E-AE45-FB4834139E1D}.MinSizeRel|Win32.Build.0 = MinSizeRel|Win32
		{747163B7-C836-333E-AE45-FB4834139E1D}.RelWithDebInfo|Win32.ActiveCfg = RelWithDebInfo|Win32
		{747163B7-C836-333E-AE45-FB4834139E1D}.RelWithDebInfo|Win32.Build.0 = RelWithDebInfo|Win32
		{478B7518-1D69-39B2-B11C-28986D879420}.Debug|Win32.ActiveCfg = Debug|Win32
		{478B7518-1D69-39B2-B11C-28986D879420}.Debug|Win32.Build.0 = Debug|Win32
		{478B7518-1D69-39B2-B11C-28986D879420}.Release|Win32.ActiveCfg = Release|Win32
		{478B7518-1D69-39B2-B11C-28986D879420}.Release|Win32.Build.0 = Release|Win32
		{478B7518-1D69-39B2-B11C-28986D879420}.MinSizeRel|Win32.ActiveCfg = MinSizeRel|Win32
		{478B7518-1D69-39B2-B11C-28986D879420}.MinSizeRel|Win32.Build.0 = MinSizeRel|Win32
		{478B7518-1D69-39B2-B11C-28986D879420}.RelWithDebInfo|Win32.ActiveCfg = RelWithDebInfo|Win32
		{478B7518-1D69-39B2-B11C-28986D879420}.RelWithDebInfo|Win32.Build.0 = RelWithDebInfo|Win32
		{41729DB1-A114-39D3-BA42-21904490A0F9}.Debug|Win32.ActiveCfg = Debug|Win32
		{41729DB1-A114-39D3-BA42-21904490A0F9}.Debug|Win32.Build.0 = Debug|Win32
		{41729DB1-A114-39D3-BA42-21904490A0F9}.Release|Win32.ActiveCfg = Release|Win32
		{41729DB1-A114-39D3-BA42-21904490A0F9}.Release|Win32.Build.0 = Release|Win32
		{41729DB1-A114-39D3-BA42-21904490A0F9}.MinSizeRel|Win32.ActiveCfg = MinSizeRel|Win32
		{41729DB1-A114-39D3-BA42-21904490A0F9}.MinSizeRel|Win32.Build.0 = MinSizeRel|Win32
		{41729DB1-A114-39D3-BA42-21904490A0F9}.RelWithDebInfo|Win32.ActiveCfg = RelWithDebInfo|Win32
		{41729DB1-A114-39D3-BA42-21904490A0F9}.RelWithDebInfo|Win32.Build.0 = RelWithDebInfo|Win32
		{DD36B609-51B4-386F-ACD0-23BC8DC4A740}.Debug|Win32.ActiveCfg = Debug|Win32
		{DD36B609-51B4-386F-ACD0-23BC8DC4A740}.Debug|Win32.Build.0 = Debug|Win32
		{DD36B609-51B4-386F-ACD0-23BC8DC4A740}.Release|Win32.ActiveCfg = Release|Win32
		{DD36B609-51B4-386F-ACD0-23BC8DC4A740}.Release|Win32.Build.0 = Release|Win32
		{DD36B609-51B4-386F-ACD0-23BC8DC4A740}.MinSizeRel|Win32.ActiveCfg = MinSizeRel|Win32
		{DD36B609-51B4-386F-ACD0-23BC8DC4A740}.MinSizeRel|Win32.Build.0 = MinSizeRel|Win32
		{DD36B609-51B4-386F-ACD0-23BC8DC4A740}.RelWithDebInfo|Win32.ActiveCfg = RelWithDebInfo|Win32
		{DD36B609-51B4-386F-ACD0-23BC8DC4A740}.RelWithDebInfo|Win32.Build.0 = RelWithDebInfo|Win32
		{64025011-3028-31A7-B121-D0DE1A51A7AD}.Debug|Win32.ActiveCfg = Debug|Win32
		{64025011-3028-31A7-B121-D0DE1A51A7AD}.Debug|Win32.Build.0 = Debug|Win32
		{64025011-3028-31A7-B121-D0DE1A51A7AD}.Release|Win32.ActiveCfg = Release|Win32
		{64025011-3028-31A7-B121-D0DE1A51A7AD}.Release|Win32.Build.0 = Release|Win32
		{64025011-3028-31A7-B121-D0DE1A51A7AD}.MinSizeRel|Win32.ActiveCfg = MinSizeRel|Win32
		{64025011-3028-31A7-B121-D0DE1A51A7AD}.MinSizeRel|Win32.Build.0 = MinSizeRel|Win32
		{64025011-3028-31A7-B121-D0DE1A51A7AD}.RelWithDebInfo|Win32.ActiveCfg = RelWithDebInfo|Win32
		{64025011-3028-31A7-B121-D0DE1A51A7AD}.RelWithDebInfo|Win32.Build.0 = RelWithDebInfo|Win32
		{8AA5133E-A972-3CDA-A42A-A8053C46A933}.Debug|Win32.ActiveCfg = Debug|Win32
		{8AA5133E-A972-3CDA-A42A-A8053C46A933}.Debug|Win32.Build.0 = Debug|Win32
		{8AA5133E-A972-3CDA-A42A-A8053C46A933}.Release|Win32.ActiveCfg = Release|Win32
		{8AA5133E-A972-3CDA-A42A-A8053C46A933}.Release|Win32.Build.0 = Release|Win32
		{8AA5133E-A972-3CDA-A42A-A8053C46A933}.MinSizeRel|Win32.ActiveCfg = MinSizeRel|Win32
		{8AA5133E-A972-3CDA-A42A-A8053C46A933}.MinSizeRel|Win32.Build.0 = MinSizeRel|Win32
		{8AA5133E-A972-3CDA-A42A-A8053C46A933}.RelWithDebInfo|Win32.ActiveCfg = RelWithDebInfo|Win32
		{8AA5133E-A972-3CDA-A42A-A8053C46A933}.RelWithDebInfo|Win32.Build.0 = RelWithDebInfo|Win32
		{BAE7131E-D2C2-3EEF-8608-CE89121A219C}.Debug|Win32.ActiveCfg = Debug|Win32
		{BAE7131E-D2C2-3EEF-8608-CE89121A219C}.Debug|Win32.Build.0 = Debug|Win32
		{BAE7131E-D2C2-3EEF-8608-CE89121A219C}.Release|Win32.ActiveCfg = Release|Win32
		{BAE7131E-D2C2-3EEF-8608-CE89121A219C}.Release|Win32.Build.0 = Release|Win32
		{BAE7131E-D2C2-3EEF-8608-CE89121A219C}.MinSizeRel|Win32.ActiveCfg = MinSizeRel|Win32
		{BAE7131E-D2C2-3EEF-8608-CE89121A219C}.MinSizeRel|Win32.Build.0 = MinSizeRel|Win32
		{BAE7131E-D2C2-3EEF-8608-CE89121A219C}.RelWithDebInfo|Win32.ActiveCfg = RelWithDebInfo|Win32
		{BAE7131E-D2C2-3EEF-8608-CE89121A219C}.RelWithDebInfo|Win32.Build.0 = RelWithDebInfo|Win32
		{055D8128-0FAA-303F-A449-0A87AE6C7340}.Debug|Win32.ActiveCfg = Debug|Win32
		{055D8128-0FAA-303F-A449-0A87AE6C7340}.Debug|Win32.Build.0 = Debug|Win32
		{055D8128-0FAA-303F-A449-0A87AE6C7340}.Release|Win32.ActiveCfg = Release|Win32
		{055D8128-0FAA-303F-A449-0A87AE6C7340}.Release|Win32.Build.0 = Release|Win32
		{055D8128-0FAA-303F-A449-0A87AE6C7340}.MinSizeRel|Win32.ActiveCfg = MinSizeRel|Win32
		{055D8128-0FAA-303F-A449-0A87AE6C7340}.MinSizeRel|Win32.Build.0 = MinSizeRel|Win32
		{055D8128-0FAA-303F-A449-0A87AE6C7340}.RelWithDebInfo|Win32.ActiveCfg = RelWithDebInfo|Win32
		{055D8128-0FAA-303F-A449-0A87AE6C7340}.RelWithDebInfo|Win32.Build.0 = RelWithDebInfo|Win32
		{B572A34E-2B4D-3F86-8532-B82E35FCCC9C}.Debug|Win32.ActiveCfg = Debug|Win32
		{B572A34E-2B4D-3F86-8532-B82E35FCCC9C}.Debug|Win32.Build.0 = Debug|Win32
		{B572A34E-2B4D-3F86-8532-B82E35FCCC9C}.Release|Win32.ActiveCfg = Release|Win32
		{B572A34E-2B4D-3F86-8532-B82E35FCCC9C}.Release|Win32.Build.0 = Release|Win32
		{B572A34E-2B4D-3F86-8532-B82E35FCCC9C}.MinSizeRel|Win32.ActiveCfg = MinSizeRel|Win32
		{B572A34E-2B4D-3F86-8532-B82E35FCCC9C}.MinSizeRel|Win32.Build.0 = MinSizeRel|Win32
		{B572A34E-2B4D-3F86-8532-B82E35FCCC9C}.RelWithDebInfo|Win32.ActiveCfg = RelWithDebInfo|Win32
		{B572A34E-2B4D-3F86-8532-B82E35FCCC9C}.RelWithDebInfo|Win32.Build.0 = RelWithDebInfo|Win32
		{1818AD35-7112-3DBD-8F78-1CEF734A067A}.Debug|Win32.ActiveCfg = Debug|Win32
		{1818AD35-7112-3DBD-8F78-1CEF734A067A}.Debug|Win32.Build.0 = Debug|Win32
		{1818AD35-7112-3DBD-8F78-1CEF734A067A}.Release|Win32.ActiveCfg = Release|Win32
		{1818AD35-7112-3DBD-8F78-1CEF734A067A}.Release|Win32.Build.0 = Release|Win32
		{1818AD35-7112-3DBD-8F78-1CEF734A067A}.MinSizeRel|Win32.ActiveCfg = MinSizeRel|Win32
		{1818AD35-7112-3DBD-8F78-1CEF734A067A}.MinSizeRel|Win32.Build.0 = MinSizeRel|Win32
		{1818AD35-7112-3DBD-8F78-1CEF734A067A}.RelWithDebInfo|Win32.ActiveCfg = RelWithDebInfo|Win32
		{1818AD35-7112-3DBD-8F78-1CEF734A067A}.RelWithDebInfo|Win32.Build.0 = RelWithDebInfo|Win32
		{97DF7DBD-07C3-3431-B3B1-A32FD07D20C7}.Debug|Win32.ActiveCfg = Debug|Win32
		{97DF7DBD-07C3-3431-B3B1-A32FD07D20C7}.Debug|Win32.Build.0 = Debug|Win32
		{97DF7DBD-07C3-3431-B3B1-A32FD07D20C7}.Release|Win32.ActiveCfg = Release|Win32
		{97DF7DBD-07C3-3431-B3B1-A32FD07D20C7}.Release|Win32.Build.0 = Release|Win32
		{97DF7DBD-07C3-3431-B3B1-A32FD07D20C7}.MinSizeRel|Win32.ActiveCfg = MinSizeRel|Win32
		{97DF7DBD-07C3-3431-B3B1-A32FD07D20C7}.MinSizeRel|Win32.Build.0 = MinSizeRel|Win32
		{97DF7DBD-07C3-3431-B3B1-A32FD07D20C7}.RelWithDebInfo|Win32.ActiveCfg = RelWithDebInfo|Win32
		{97DF7DBD-07C3-3431-B3B1-A32FD07D20C7}.RelWithDebInfo|Win32.Build.0 = RelWithDebInfo|Win32
		{00A29722-7AF9-3E4C-95C6-D4F9956C5358}.Debug|Win32.ActiveCfg = Debug|Win32
		{00A29722-7AF9-3E4C-95C6-D4F9956C5358}.Debug|Win32.Build.0 = Debug|Win32
		{00A29722-7AF9-3E4C-95C6-D4F9956C5358}.Release|Win32.ActiveCfg = Release|Win32
		{00A29722-7AF9-3E4C-95C6-D4F9956C5358}.Release|Win32.Build.0 = Release|Win32
		{00A29722-7AF9-3E4C-95C6-D4F9956C5358}.MinSizeRel|Win32.ActiveCfg = MinSizeRel|Win32
		{00A29722-7AF9-3E4C-95C6-D4F9956C5358}.MinSizeRel|Win32.Build.0 = MinSizeRel|Win32
		{00A29722-7AF9-3E4C-95C6-D4F9956C5358}.RelWithDebInfo|Win32.ActiveCfg = RelWithDebInfo|Win32
		{00A29722-7AF9-3E4C-95C6-D4F9956C5358}.RelWithDebInfo|Win32.Build.0 = RelWithDebInfo|Win32
		{A74E8222-69F3-3D32-81ED-B2E34CFAF15E}.Debug|Win32.ActiveCfg = Debug|Win32
		{A74E8222-69F3-3D32-81ED-B2E34CFAF15E}.Debug|Win32.Build.0 = Debug|Win32
		{A74E8222-69F3-3D32-81ED-B2E34CFAF15E}.Release|Win32.ActiveCfg = Release|Win32
		{A74E8222-69F3-3D32-81ED-B2E34CFAF15E}.Release|Win32.Build.0 = Release|Win32
		{A74E8222-69F3-3D32-81ED-B2E34CFAF15E}.MinSizeRel|Win32.ActiveCfg = MinSizeRel|Win32
		{A74E8222-69F3-3D32-81ED-B2E34CFAF15E}.MinSizeRel|Win32.Build.0 = MinSizeRel|Win32
		{A74E8222-69F3-3D32-81ED-B2E34CFAF15E}.RelWithDebInfo|Win32.ActiveCfg = RelWithDebInfo|Win32
		{A74E8222-69F3-3D32-81ED-B2E34CFAF15E}.RelWithDebInfo|Win32.Build.0 = RelWithDebInfo|Win32
		{06239DCD-E8D3-3A56-8397-6D224B7370A2}.Debug|Win32.ActiveCfg = Debug|Win32
		{06239DCD-E8D3-3A56-8397-6D224B7370A2}.Debug|Win32.Build.0 = Debug|Win32
		{06239DCD-E8D3-3A56-8397-6D224B7370A2}.Release|Win32.ActiveCfg = Release|Win32
		{06239DCD-E8D3-3A56-8397-6D224B7370A2}.Release|Win32.Build.0 = Release|Win32
		{06239DCD-E8D3-3A56-8397-6D224B7370A2}.MinSizeRel|Win32.ActiveCfg = MinSizeRel|Win32
		{06239DCD-E8D3-3A56-8397-6D224B7370A2}.MinSizeRel|Win32.Build.0 = MinSizeRel|Win32
		{06239DCD-E8D3-3A56-8397-6D224B7370A2}.RelWithDebInfo|Win32.ActiveCfg = RelWithDebInfo|Win32
		{06239DCD-E8D3-3A56-8397-6D224B7370A2}.RelWithDebInfo|Win32.Build.0 = RelWithDebInfo|Win32
		{E3833996-66A5-3018-AC90-F3BF99050A34}.Debug|Win32.ActiveCfg = Debug|Win32
		{E3833996-66A5-3018-AC90-F3BF99050A34}.Debug|Win32.Build.0 = Debug|Win32
		{E3833996-66A5-3018-AC90-F3BF99050A34}.Release|Win32.ActiveCfg = Release|Win32
		{E3833996-66A5-3018-AC90-F3BF99050A34}.Release|Win32.Build.0 = Release|Win32
		{E3833996-66A5-3018-AC90-F3BF99050A34}.MinSizeRel|Win32.ActiveCfg = MinSizeRel|Win32
		{E3833996-66A5-3018-AC90-F3BF99050A34}.MinSizeRel|Win32.Build.0 = MinSizeRel|Win32
		{E3833996-66A5-3018-AC90-F3BF99050A34}.RelWithDebInfo|Win32.ActiveCfg = RelWithDebInfo|Win32
		{E3833996-66A5-3018-AC90-F3BF99050A34}.RelWithDebInfo|Win32.Build.0 = RelWithDebInfo|Win32
		{D09A15C3-3682-357A-B70B-438D07616B34}.Debug|Win32.ActiveCfg = Debug|Win32
		{D09A15C3-3682-357A-B70B-438D07616B34}.Debug|Win32.Build.0 = Debug|Win32
		{D09A15C3-3682-357A-B70B-438D07616B34}.Release|Win32.ActiveCfg = Release|Win32
		{D09A15C3-3682-357A-B70B-438D07616B34}.Release|Win32.Build.0 = Release|Win32
		{D09A15C3-3682-357A-B70B-438D07616B34}.MinSizeRel|Win32.ActiveCfg = MinSizeRel|Win32
		{D09A15C3-3682-357A-B70B-438D07616B34}.MinSizeRel|Win32.Build.0 = MinSizeRel|Win32
		{D09A15C3-3682-357A-B70B-438D07616B34}.RelWithDebInfo|Win32.ActiveCfg = RelWithDebInfo|Win32
		{D09A15C3-3682-357A-B70B-438D07616B34}.RelWithDebInfo|Win32.Build.0 = RelWithDebInfo|Win32
		{326F5BE0-29FB-3CB3-B71F-8B1643E32495}.Debug|Win32.ActiveCfg = Debug|Win32
		{326F5BE0-29FB-3CB3-B71F-8B1643E32495}.Debug|Win32.Build.0 = Debug|Win32
		{326F5BE0-29FB-3CB3-B71F-8B1643E32495}.Release|Win32.ActiveCfg = Release|Win32
		{326F5BE0-29FB-3CB3-B71F-8B1643E32495}.Release|Win32.Build.0 = Release|Win32
		{326F5BE0-29FB-3CB3-B71F-8B1643E32495}.MinSizeRel|Win32.ActiveCfg = MinSizeRel|Win32
		{326F5BE0-29FB-3CB3-B71F-8B1643E32495}.MinSizeRel|Win32.Build.0 = MinSizeRel|Win32
		{326F5BE0-29FB-3CB3-B71F-8B1643E32495}.RelWithDebInfo|Win32.ActiveCfg = RelWithDebInfo|Win32
		{326F5BE0-29FB-3CB3-B71F-8B1643E32495}.RelWithDebInfo|Win32.Build.0 = RelWithDebInfo|Win32
		{6947E90B-32E4-3C09-BCED-90F385922E0E}.Debug|Win32.ActiveCfg = Debug|Win32
		{6947E90B-32E4-3C09-BCED-90F385922E0E}.Debug|Win32.Build.0 = Debug|Win32
		{6947E90B-32E4-3C09-BCED-90F385922E0E}.Release|Win32.ActiveCfg = Release|Win32
		{6947E90B-32E4-3C09-BCED-90F385922E0E}.Release|Win32.Build.0 = Release|Win32
		{6947E90B-32E4-3C09-BCED-90F385922E0E}.MinSizeRel|Win32.ActiveCfg = MinSizeRel|Win32
		{6947E90B-32E4-3C09-BCED-90F385922E0E}.MinSizeRel|Win32.Build.0 = MinSizeRel|Win32
		{6947E90B-32E4-3C09-BCED-90F385922E0E}.RelWithDebInfo|Win32.ActiveCfg = RelWithDebInfo|Win32
		{6947E90B-32E4-3C09-BCED-90F385922E0E}.RelWithDebInfo|Win32.Build.0 = RelWithDebInfo|Win32
		{852C20D2-BDA4-32DA-ABDD-F008428CF616}.Debug|Win32.ActiveCfg = Debug|Win32
		{852C20D2-BDA4-32DA-ABDD-F008428CF616}.Debug|Win32.Build.0 = Debug|Win32
		{852C20D2-BDA4-32DA-ABDD-F008428CF616}.Release|Win32.ActiveCfg = Release|Win32
		{852C20D2-BDA4-32DA-ABDD-F008428CF616}.Release|Win32.Build.0 = Release|Win32
		{852C20D2-BDA4-32DA-ABDD-F008428CF616}.MinSizeRel|Win32.ActiveCfg = MinSizeRel|Win32
		{852C20D2-BDA4-32DA-ABDD-F008428CF616}.MinSizeRel|Win32.Build.0 = MinSizeRel|Win32
		{852C20D2-BDA4-32DA-ABDD-F008428CF616}.RelWithDebInfo|Win32.ActiveCfg = RelWithDebInfo|Win32
		{852C20D2-BDA4-32DA-ABDD-F008428CF616}.RelWithDebInfo|Win32.Build.0 = RelWithDebInfo|Win32
		{81AA57B7-E4FB-365A-84AF-6CF9DC4A177E}.Debug|Win32.ActiveCfg = Debug|Win32
		{81AA57B7-E4FB-365A-84AF-6CF9DC4A177E}.Debug|Win32.Build.0 = Debug|Win32
		{81AA57B7-E4FB-365A-84AF-6CF9DC4A177E}.Release|Win32.ActiveCfg = Release|Win32
		{81AA57B7-E4FB-365A-84AF-6CF9DC4A177E}.Release|Win32.Build.0 = Release|Win32
		{81AA57B7-E4FB-365A-84AF-6CF9DC4A177E}.MinSizeRel|Win32.ActiveCfg = MinSizeRel|Win32
		{81AA57B7-E4FB-365A-84AF-6CF9DC4A177E}.MinSizeRel|Win32.Build.0 = MinSizeRel|Win32
		{81AA57B7-E4FB-365A-84AF-6CF9DC4A177E}.RelWithDebInfo|Win32.ActiveCfg = RelWithDebInfo|Win32
		{81AA57B7-E4FB-365A-84AF-6CF9DC4A177E}.RelWithDebInfo|Win32.Build.0 = RelWithDebInfo|Win32
		{8EB4EAA0-3812-3AEE-80C8-697BC3773632}.Debug|Win32.ActiveCfg = Debug|Win32
		{8EB4EAA0-3812-3AEE-80C8-697BC3773632}.Debug|Win32.Build.0 = Debug|Win32
		{8EB4EAA0-3812-3AEE-80C8-697BC3773632}.Release|Win32.ActiveCfg = Release|Win32
		{8EB4EAA0-3812-3AEE-80C8-697BC3773632}.Release|Win32.Build.0 = Release|Win32
		{8EB4EAA0-3812-3AEE-80C8-697BC3773632}.MinSizeRel|Win32.ActiveCfg = MinSizeRel|Win32
		{8EB4EAA0-3812-3AEE-80C8-697BC3773632}.MinSizeRel|Win32.Build.0 = MinSizeRel|Win32
		{8EB4EAA0-3812-3AEE-80C8-697BC3773632}.RelWithDebInfo|Win32.ActiveCfg = RelWithDebInfo|Win32
		{8EB4EAA0-3812-3AEE-80C8-697BC3773632}.RelWithDebInfo|Win32.Build.0 = RelWithDebInfo|Win32
		{173B9AA3-1747-3222-B960-72B017CED926}.Debug|Win32.ActiveCfg = Debug|Win32
		{173B9AA3-1747-3222-B960-72B017CED926}.Debug|Win32.Build.0 = Debug|Win32
		{173B9AA3-1747-3222-B960-72B017CED926}.Release|Win32.ActiveCfg = Release|Win32
		{173B9AA3-1747-3222-B960-72B017CED926}.Release|Win32.Build.0 = Release|Win32
		{173B9AA3-1747-3222-B960-72B017CED926}.MinSizeRel|Win32.ActiveCfg = MinSizeRel|Win32
		{173B9AA3-1747-3222-B960-72B017CED926}.MinSizeRel|Win32.Build.0 = MinSizeRel|Win32
		{173B9AA3-1747-3222-B960-72B017CED926}.RelWithDebInfo|Win32.ActiveCfg = RelWithDebInfo|Win32
		{173B9AA3-1747-3222-B960-72B017CED926}.RelWithDebInfo|Win32.Build.0 = RelWithDebInfo|Win32
		{4670C0C1-8510-37E1-AF26-44E9FB23B07C}.Debug|Win32.ActiveCfg = Debug|Win32
		{4670C0C1-8510-37E1-AF26-44E9FB23B07C}.Debug|Win32.Build.0 = Debug|Win32
		{4670C0C1-8510-37E1-AF26-44E9FB23B07C}.Release|Win32.ActiveCfg = Release|Win32
		{4670C0C1-8510-37E1-AF26-44E9FB23B07C}.Release|Win32.Build.0 = Release|Win32
		{4670C0C1-8510-37E1-AF26-44E9FB23B07C}.MinSizeRel|Win32.ActiveCfg = MinSizeRel|Win32
		{4670C0C1-8510-37E1-AF26-44E9FB23B07C}.MinSizeRel|Win32.Build.0 = MinSizeRel|Win32
		{4670C0C1-8510-37E1-AF26-44E9FB23B07C}.RelWithDebInfo|Win32.ActiveCfg = RelWithDebInfo|Win32
		{4670C0C1-8510-37E1-AF26-44E9FB23B07C}.RelWithDebInfo|Win32.Build.0 = RelWithDebInfo|Win32
		{D8F4DC28-EB77-3CC5-9776-7C8B9F762A3C}.Debug|Win32.ActiveCfg = Debug|Win32
		{D8F4DC28-EB77-3CC5-9776-7C8B9F762A3C}.Debug|Win32.Build.0 = Debug|Win32
		{D8F4DC28-EB77-3CC5-9776-7C8B9F762A3C}.Release|Win32.ActiveCfg = Release|Win32
		{D8F4DC28-EB77-3CC5-9776-7C8B9F762A3C}.Release|Win32.Build.0 = Release|Win32
		{D8F4DC28-EB77-3CC5-9776-7C8B9F762A3C}.MinSizeRel|Win32.ActiveCfg = MinSizeRel|Win32
		{D8F4DC28-EB77-3CC5-9776-7C8B9F762A3C}.MinSizeRel|Win32.Build.0 = MinSizeRel|Win32
		{D8F4DC28-EB77-3CC5-9776-7C8B9F762A3C}.RelWithDebInfo|Win32.ActiveCfg = RelWithDebInfo|Win32
		{D8F4DC28-EB77-3CC5-9776-7C8B9F762A3C}.RelWithDebInfo|Win32.Build.0 = RelWithDebInfo|Win32
		{F82C7A82-E8D6-3008-A9E5-073395B448E5}.Debug|Win32.ActiveCfg = Debug|Win32
		{F82C7A82-E8D6-3008-A9E5-073395B448E5}.Debug|Win32.Build.0 = Debug|Win32
		{F82C7A82-E8D6-3008-A9E5-073395B448E5}.Release|Win32.ActiveCfg = Release|Win32
		{F82C7A82-E8D6-3008-A9E5-073395B448E5}.Release|Win32.Build.0 = Release|Win32
		{F82C7A82-E8D6-3008-A9E5-073395B448E5}.MinSizeRel|Win32.ActiveCfg = MinSizeRel|Win32
		{F82C7A82-E8D6-3008-A9E5-073395B448E5}.MinSizeRel|Win32.Build.0 = MinSizeRel|Win32
		{F82C7A82-E8D6-3008-A9E5-073395B448E5}.RelWithDebInfo|Win32.ActiveCfg = RelWithDebInfo|Win32
		{F82C7A82-E8D6-3008-A9E5-073395B448E5}.RelWithDebInfo|Win32.Build.0 = RelWithDebInfo|Win32
		{2BCC26BB-A0C5-358A-8348-CFE3EDED4DB1}.Debug|Win32.ActiveCfg = Debug|Win32
		{2BCC26BB-A0C5-358A-8348-CFE3EDED4DB1}.Debug|Win32.Build.0 = Debug|Win32
		{2BCC26BB-A0C5-358A-8348-CFE3EDED4DB1}.Release|Win32.ActiveCfg = Release|Win32
		{2BCC26BB-A0C5-358A-8348-CFE3EDED4DB1}.Release|Win32.Build.0 = Release|Win32
		{2BCC26BB-A0C5-358A-8348-CFE3EDED4DB1}.MinSizeRel|Win32.ActiveCfg = MinSizeRel|Win32
		{2BCC26BB-A0C5-358A-8348-CFE3EDED4DB1}.MinSizeRel|Win32.Build.0 = MinSizeRel|Win32
		{2BCC26BB-A0C5-358A-8348-CFE3EDED4DB1}.RelWithDebInfo|Win32.ActiveCfg = RelWithDebInfo|Win32
		{2BCC26BB-A0C5-358A-8348-CFE3EDED4DB1}.RelWithDebInfo|Win32.Build.0 = RelWithDebInfo|Win32
		{712264EC-70FB-3B06-AC24-91E2412D416B}.Debug|Win32.ActiveCfg = Debug|Win32
		{712264EC-70FB-3B06-AC24-91E2412D416B}.Debug|Win32.Build.0 = Debug|Win32
		{712264EC-70FB-3B06-AC24-91E2412D416B}.Release|Win32.ActiveCfg = Release|Win32
		{712264EC-70FB-3B06-AC24-91E2412D416B}.Release|Win32.Build.0 = Release|Win32
		{712264EC-70FB-3B06-AC24-91E2412D416B}.MinSizeRel|Win32.ActiveCfg = MinSizeRel|Win32
		{712264EC-70FB-3B06-AC24-91E2412D416B}.MinSizeRel|Win32.Build.0 = MinSizeRel|Win32
		{712264EC-70FB-3B06-AC24-91E2412D416B}.RelWithDebInfo|Win32.ActiveCfg = RelWithDebInfo|Win32
		{712264EC-70FB-3B06-AC24-91E2412D416B}.RelWithDebInfo|Win32.Build.0 = RelWithDebInfo|Win32
		{594EE0B1-99B4-3F1E-A083-A675169FF030}.Debug|Win32.ActiveCfg = Debug|Win32
		{594EE0B1-99B4-3F1E-A083-A675169FF030}.Debug|Win32.Build.0 = Debug|Win32
		{594EE0B1-99B4-3F1E-A083-A675169FF030}.Release|Win32.ActiveCfg = Release|Win32
		{594EE0B1-99B4-3F1E-A083-A675169FF030}.Release|Win32.Build.0 = Release|Win32
		{594EE0B1-99B4-3F1E-A083-A675169FF030}.MinSizeRel|Win32.ActiveCfg = MinSizeRel|Win32
		{594EE0B1-99B4-3F1E-A083-A675169FF030}.MinSizeRel|Win32.Build.0 = MinSizeRel|Win32
		{594EE0B1-99B4-3F1E-A083-A675169FF030}.RelWithDebInfo|Win32.ActiveCfg = RelWithDebInfo|Win32
		{594EE0B1-99B4-3F1E-A083-A675169FF030}.RelWithDebInfo|Win32.Build.0 = RelWithDebInfo|Win32
		{82B28B6F-FF2E-3FB8-8393-85121FDCC5BF}.Debug|Win32.ActiveCfg = Debug|Win32
		{82B28B6F-FF2E-3FB8-8393-85121FDCC5BF}.Release|Win32.ActiveCfg = Release|Win32
		{82B28B6F-FF2E-3FB8-8393-85121FDCC5BF}.MinSizeRel|Win32.ActiveCfg = MinSizeRel|Win32
		{82B28B6F-FF2E-3FB8-8393-85121FDCC5BF}.RelWithDebInfo|Win32.ActiveCfg = RelWithDebInfo|Win32
		{7E820E0F-08D9-343C-9242-6276AB11B1C7}.Debug|Win32.ActiveCfg = Debug|Win32
		{7E820E0F-08D9-343C-9242-6276AB11B1C7}.Debug|Win32.Build.0 = Debug|Win32
		{7E820E0F-08D9-343C-9242-6276AB11B1C7}.Release|Win32.ActiveCfg = Release|Win32
		{7E820E0F-08D9-343C-9242-6276AB11B1C7}.Release|Win32.Build.0 = Release|Win32
		{7E820E0F-08D9-343C-9242-6276AB11B1C7}.MinSizeRel|Win32.ActiveCfg = MinSizeRel|Win32
		{7E820E0F-08D9-343C-9242-6276AB11B1C7}.MinSizeRel|Win32.Build.0 = MinSizeRel|Win32
		{7E820E0F-08D9-343C-9242-6276AB11B1C7}.RelWithDebInfo|Win32.ActiveCfg = RelWithDebInfo|Win32
		{7E820E0F-08D9-343C-9242-6276AB11B1C7}.RelWithDebInfo|Win32.Build.0 = RelWithDebInfo|Win32
		{5D30DF4C-6E23-3AC4-9AC7-C32153CEE261}.Debug|Win32.ActiveCfg = Debug|Win32
		{5D30DF4C-6E23-3AC4-9AC7-C32153CEE261}.Debug|Win32.Build.0 = Debug|Win32
		{5D30DF4C-6E23-3AC4-9AC7-C32153CEE261}.Release|Win32.ActiveCfg = Release|Win32
		{5D30DF4C-6E23-3AC4-9AC7-C32153CEE261}.Release|Win32.Build.0 = Release|Win32
		{5D30DF4C-6E23-3AC4-9AC7-C32153CEE261}.MinSizeRel|Win32.ActiveCfg = MinSizeRel|Win32
		{5D30DF4C-6E23-3AC4-9AC7-C32153CEE261}.MinSizeRel|Win32.Build.0 = MinSizeRel|Win32
		{5D30DF4C-6E23-3AC4-9AC7-C32153CEE261}.RelWithDebInfo|Win32.ActiveCfg = RelWithDebInfo|Win32
		{5D30DF4C-6E23-3AC4-9AC7-C32153CEE261}.RelWithDebInfo|Win32.Build.0 = RelWithDebInfo|Win32
		{8AFEA2BD-D9EC-34FE-ADA3-B0177FB929F9}.Debug|Win32.ActiveCfg = Debug|Win32
		{8AFEA2BD-D9EC-34FE-ADA3-B0177FB929F9}.Debug|Win32.Build.0 = Debug|Win32
		{8AFEA2BD-D9EC-34FE-ADA3-B0177FB929F9}.Release|Win32.ActiveCfg = Release|Win32
		{8AFEA2BD-D9EC-34FE-ADA3-B0177FB929F9}.Release|Win32.Build.0 = Release|Win32
		{8AFEA2BD-D9EC-34FE-ADA3-B0177FB929F9}.MinSizeRel|Win32.ActiveCfg = MinSizeRel|Win32
		{8AFEA2BD-D9EC-34FE-ADA3-B0177FB929F9}.MinSizeRel|Win32.Build.0 = MinSizeRel|Win32
		{8AFEA2BD-D9EC-34FE-ADA3-B0177FB929F9}.RelWithDebInfo|Win32.ActiveCfg = RelWithDebInfo|Win32
		{8AFEA2BD-D9EC-34FE-ADA3-B0177FB929F9}.RelWithDebInfo|Win32.Build.0 = RelWithDebInfo|Win32
	EndGlobalSection
	GlobalSection(NestedProjects) = preSolution
		{1A89BD72-B1D1-31A2-900E-F9ADA3F60E92} = {AE9C22E1-A217-3B61-928F-B9A2FBF9C92D}
		{C2BAAA99-C7AF-3611-9D17-4A1442ECF98C} = {AE9C22E1-A217-3B61-928F-B9A2FBF9C92D}
		{D4E5C877-5B7F-3FB2-9F91-8D614A96610A} = {AE9C22E1-A217-3B61-928F-B9A2FBF9C92D}
		{DF1466A7-3A7F-3942-91BF-6F4C2AADE49C} = {DC7583EC-6AEE-39E4-9324-AEC19109C511}
		{266545F0-E804-31AF-99AF-77433FF4BB70} = {DC7583EC-6AEE-39E4-9324-AEC19109C511}
		{95762FA3-1587-3262-91CB-28E9D013405D} = {DC7583EC-6AEE-39E4-9324-AEC19109C511}
		{F576C287-9155-30E9-9EFD-09354CFD1A13} = {DF1466A7-3A7F-3942-91BF-6F4C2AADE49C}
		{8A679D2F-50EE-3428-AEE0-A4498E4A56AD} = {DF1466A7-3A7F-3942-91BF-6F4C2AADE49C}
		{1CCC6795-0102-34F1-9412-0CFA02B1C08E} = {DF1466A7-3A7F-3942-91BF-6F4C2AADE49C}
		{75CB479C-BE62-3128-B24F-CAB428BA0BE8} = {DF1466A7-3A7F-3942-91BF-6F4C2AADE49C}
		{478B7518-1D69-39B2-B11C-28986D879420} = {DF1466A7-3A7F-3942-91BF-6F4C2AADE49C}
		{41729DB1-A114-39D3-BA42-21904490A0F9} = {DF1466A7-3A7F-3942-91BF-6F4C2AADE49C}
		{7E820E0F-08D9-343C-9242-6276AB11B1C7} = {DF1466A7-3A7F-3942-91BF-6F4C2AADE49C}
		{B00642E4-DD36-3A72-9AFF-E24A15062621} = {266545F0-E804-31AF-99AF-77433FF4BB70}
		{88B3A54D-F336-3884-B74A-F2D323FD8B65} = {266545F0-E804-31AF-99AF-77433FF4BB70}
		{2AD44828-F0C1-3E51-B250-DBDA08B144C1} = {266545F0-E804-31AF-99AF-77433FF4BB70}
		{C43E1ABD-6887-32D9-9A5A-701BC1FAABD7} = {266545F0-E804-31AF-99AF-77433FF4BB70}
		{1DD49C2F-2D88-31D9-A1A1-8C1FD592FA4C} = {266545F0-E804-31AF-99AF-77433FF4BB70}
		{D6E8AB10-441D-3FDF-86C1-9B5BF9DC8422} = {266545F0-E804-31AF-99AF-77433FF4BB70}
		{E56DC4D2-D863-3545-AC8A-DFA515E70935} = {266545F0-E804-31AF-99AF-77433FF4BB70}
		{82C4A1B6-7A26-3C61-B189-AEAFC484DA31} = {266545F0-E804-31AF-99AF-77433FF4BB70}
		{671E93BA-4848-3E3F-815A-400195622FF8} = {266545F0-E804-31AF-99AF-77433FF4BB70}
		{E95E3E05-7158-3C3D-AE76-F7B9CB83EBA0} = {266545F0-E804-31AF-99AF-77433FF4BB70}
		{73A561A0-51F2-3C2C-ABD7-C9301A92C195} = {266545F0-E804-31AF-99AF-77433FF4BB70}
		{747163B7-C836-333E-AE45-FB4834139E1D} = {266545F0-E804-31AF-99AF-77433FF4BB70}
		{DD36B609-51B4-386F-ACD0-23BC8DC4A740} = {266545F0-E804-31AF-99AF-77433FF4BB70}
		{64025011-3028-31A7-B121-D0DE1A51A7AD} = {266545F0-E804-31AF-99AF-77433FF4BB70}
		{8AA5133E-A972-3CDA-A42A-A8053C46A933} = {266545F0-E804-31AF-99AF-77433FF4BB70}
		{5D30DF4C-6E23-3AC4-9AC7-C32153CEE261} = {266545F0-E804-31AF-99AF-77433FF4BB70}
	EndGlobalSection
	GlobalSection(ExtensibilityGlobals) = postSolution
		SolutionGuid = {42152BB8-125F-3518-A2D8-FABE2552D256}
	EndGlobalSection
	GlobalSection(ExtensibilityAddIns) = postSolution
	EndGlobalSection
EndGlobal
