<?xml version="1.0" encoding="UTF-8"?>
<Project ToolsVersion="12.0" xmlns="http://schemas.microsoft.com/developer/msbuild/2003">
  <ItemGroup>
    <ClCompile Include="D:\git\Computer-Graphics\opengl-tutorial\ogl-master\tutorial07_model_loading\tutorial07.cpp">
      <Filter>Source Files</Filter>
    </ClCompile>
    <ClCompile Include="D:\git\Computer-Graphics\opengl-tutorial\ogl-master\common\shader.cpp">
      <Filter>common</Filter>
    </ClCompile>
    <ClCompile Include="D:\git\Computer-Graphics\opengl-tutorial\ogl-master\common\controls.cpp">
      <Filter>common</Filter>
    </ClCompile>
    <ClCompile Include="D:\git\Computer-Graphics\opengl-tutorial\ogl-master\common\texture.cpp">
      <Filter>common</Filter>
    </ClCompile>
    <ClCompile Include="D:\git\Computer-Graphics\opengl-tutorial\ogl-master\common\objloader.cpp">
      <Filter>common</Filter>
    </ClCompile>
  </ItemGroup>
  <ItemGroup>
    <ClInclude Include="D:\git\Computer-Graphics\opengl-tutorial\ogl-master\common\shader.hpp">
      <Filter>common</Filter>
    </ClInclude>
    <ClInclude Include="D:\git\Computer-Graphics\opengl-tutorial\ogl-master\common\controls.hpp">
      <Filter>common</Filter>
    </ClInclude>
    <ClInclude Include="D:\git\Computer-Graphics\opengl-tutorial\ogl-master\common\texture.hpp">
      <Filter>common</Filter>
    </ClInclude>
    <ClInclude Include="D:\git\Computer-Graphics\opengl-tutorial\ogl-master\common\objloader.hpp">
      <Filter>common</Filter>
    </ClInclude>
  </ItemGroup>
  <ItemGroup>
    <CustomBuild Include="D:\git\Computer-Graphics\opengl-tutorial\ogl-master\CMakeLists.txt" />
  </ItemGroup>
  <ItemGroup>
    <None Include="D:\git\Computer-Graphics\opengl-tutorial\ogl-master\tutorial07_model_loading\TransformVertexShader.vertexshader">
      <Filter>shaders</Filter>
    </None>
    <None Include="D:\git\Computer-Graphics\opengl-tutorial\ogl-master\tutorial07_model_loading\TextureFragmentShader.fragmentshader">
      <Filter>shaders</Filter>
    </None>
  </ItemGroup>
  <ItemGroup>
    <Filter Include="Source Files">
      <UniqueIdentifier>{22D8BA44-CC6F-3ED2-966A-8C1372C288DE}</UniqueIdentifier>
    </Filter>
    <Filter Include="common">
      <UniqueIdentifier>{499371F6-DDBA-3135-AB03-D708B4E322DB}</UniqueIdentifier>
    </Filter>
    <Filter Include="shaders">
      <UniqueIdentifier>{4788EF7E-4DF3-3F5E-86C3-ED017EBF5EF2}</UniqueIdentifier>
    </Filter>
  </ItemGroup>
</Project>
